{
  "version": 4,
  "terraform_version": "0.12.25",
  "serial": 47,
  "lineage": "1db3ecba-3a66-81b3-d9f9-fe82a7fbea7a",
  "outputs": {},
  "resources": [
    {
      "module": "module.vpc-staging",
      "mode": "data",
      "type": "aws_ami",
      "name": "latest_ubuntu",
      "provider": "provider.aws",
      "instances": [
        {
          "schema_version": 0,
          "attributes": {
            "architecture": "x86_64",
            "arn": "arn:aws:ec2:eu-central-1::image/ami-09a4a23815cdb5e06",
            "block_device_mappings": [
              {
                "device_name": "/dev/sda1",
                "ebs": {
                  "delete_on_termination": "true",
                  "encrypted": "false",
                  "iops": "0",
                  "snapshot_id": "snap-029a366b4ef00c4c9",
                  "volume_size": "8",
                  "volume_type": "gp2"
                },
                "no_device": "",
                "virtual_name": ""
              },
              {
                "device_name": "/dev/sdb",
                "ebs": {},
                "no_device": "",
                "virtual_name": "ephemeral0"
              },
              {
                "device_name": "/dev/sdc",
                "ebs": {},
                "no_device": "",
                "virtual_name": "ephemeral1"
              }
            ],
            "creation_date": "2020-12-01T19:53:43.000Z",
            "description": "Canonical, Ubuntu, 18.04 LTS, amd64 bionic image build on 2020-12-01",
            "executable_users": null,
            "filter": [
              {
                "name": "name",
                "values": [
                  "ubuntu/images/hvm-ssd/ubuntu-bionic-18.04-amd64-server-*"
                ]
              }
            ],
            "hypervisor": "xen",
            "id": "ami-09a4a23815cdb5e06",
            "image_id": "ami-09a4a23815cdb5e06",
            "image_location": "099720109477/ubuntu/images/hvm-ssd/ubuntu-bionic-18.04-amd64-server-20201201",
            "image_owner_alias": null,
            "image_type": "machine",
            "kernel_id": null,
            "most_recent": true,
            "name": "ubuntu/images/hvm-ssd/ubuntu-bionic-18.04-amd64-server-20201201",
            "name_regex": null,
            "owner_id": "099720109477",
            "owners": [
              "099720109477"
            ],
            "platform": null,
            "product_codes": [],
            "public": true,
            "ramdisk_id": null,
            "root_device_name": "/dev/sda1",
            "root_device_type": "ebs",
            "root_snapshot_id": "snap-029a366b4ef00c4c9",
            "sriov_net_support": "simple",
            "state": "available",
            "state_reason": {
              "code": "UNSET",
              "message": "UNSET"
            },
            "tags": {},
            "virtualization_type": "hvm"
          }
        }
      ]
    },
    {
      "module": "module.vpc-staging",
      "mode": "data",
      "type": "aws_availability_zones",
      "name": "working",
      "provider": "provider.aws",
      "instances": [
        {
          "schema_version": 0,
          "attributes": {
            "all_availability_zones": null,
            "exclude_names": null,
            "exclude_zone_ids": null,
            "filter": null,
            "group_names": [
              "eu-central-1"
            ],
            "id": "eu-central-1",
            "names": [
              "eu-central-1a",
              "eu-central-1b",
              "eu-central-1c"
            ],
            "state": null,
            "zone_ids": [
              "euc1-az2",
              "euc1-az3",
              "euc1-az1"
            ]
          }
        }
      ]
    },
    {
      "module": "module.vpc-staging",
      "mode": "data",
      "type": "aws_caller_identity",
      "name": "current",
      "provider": "provider.aws",
      "instances": [
        {
          "schema_version": 0,
          "attributes": {
            "account_id": "556789602792",
            "arn": "arn:aws:iam::556789602792:user/tarasov-a",
            "id": "556789602792",
            "user_id": "AIDAYDIZ7DHUKAHWDVEDX"
          }
        }
      ]
    },
    {
      "module": "module.vpc-staging",
      "mode": "managed",
      "type": "aws_autoscaling_group",
      "name": "datacluster",
      "each": "list",
      "provider": "provider.aws",
      "instances": [
        {
          "index_key": 0,
          "schema_version": 0,
          "attributes": {
            "arn": "arn:aws:autoscaling:eu-central-1:556789602792:autoScalingGroup:00ac8ad9-192c-44be-9834-e41642f8676e:autoScalingGroupName/staging-ASG-staging-datacluster-LC-2020121110204266760000000320201211102045006200000004",
            "availability_zones": [
              "eu-central-1a"
            ],
            "capacity_rebalance": false,
            "default_cooldown": 300,
            "desired_capacity": 2,
            "enabled_metrics": [],
            "force_delete": false,
            "health_check_grace_period": 300,
            "health_check_type": "EC2",
            "id": "staging-ASG-staging-datacluster-LC-2020121110204266760000000320201211102045006200000004",
            "initial_lifecycle_hook": [],
            "launch_configuration": "staging-datacluster-LC-20201211102042667600000003",
            "launch_template": [],
            "load_balancers": [],
            "max_instance_lifetime": 0,
            "max_size": 2,
            "metrics_granularity": "1Minute",
            "min_elb_capacity": null,
            "min_size": 2,
            "mixed_instances_policy": [],
            "name": "staging-ASG-staging-datacluster-LC-2020121110204266760000000320201211102045006200000004",
            "name_prefix": "staging-ASG-staging-datacluster-LC-20201211102042667600000003",
            "placement_group": "",
            "protect_from_scale_in": false,
            "service_linked_role_arn": "arn:aws:iam::556789602792:role/aws-service-role/autoscaling.amazonaws.com/AWSServiceRoleForAutoScaling",
            "suspended_processes": [],
            "tag": [],
            "tags": [
              {
                "key": "Name",
                "propagate_at_launch": "true",
                "value": "staging-datacluster-instances"
              },
              {}
            ],
            "target_group_arns": [],
            "termination_policies": [],
            "timeouts": null,
            "vpc_zone_identifier": [
              "subnet-0f5aa38b1e81b3e31"
            ],
            "wait_for_capacity_timeout": "10m",
            "wait_for_elb_capacity": null
          },
          "private": "eyJlMmJmYjczMC1lY2FhLTExZTYtOGY4OC0zNDM2M2JjN2M0YzAiOnsiZGVsZXRlIjo2MDAwMDAwMDAwMDB9fQ==",
          "dependencies": [
            "module.vpc-staging.aws_launch_configuration.datacluster",
            "module.vpc-staging.aws_subnet.stuff"
          ]
        },
        {
          "index_key": 1,
          "schema_version": 0,
          "attributes": {
            "arn": "arn:aws:autoscaling:eu-central-1:556789602792:autoScalingGroup:8277175c-8545-4fd4-8312-0e55bf8985f9:autoScalingGroupName/staging-ASG-staging-datacluster-LC-2020121110204266760000000320201211102045074900000005",
            "availability_zones": [
              "eu-central-1b"
            ],
            "capacity_rebalance": false,
            "default_cooldown": 300,
            "desired_capacity": 2,
            "enabled_metrics": [],
            "force_delete": false,
            "health_check_grace_period": 300,
            "health_check_type": "EC2",
            "id": "staging-ASG-staging-datacluster-LC-2020121110204266760000000320201211102045074900000005",
            "initial_lifecycle_hook": [],
            "launch_configuration": "staging-datacluster-LC-20201211102042667600000003",
            "launch_template": [],
            "load_balancers": [],
            "max_instance_lifetime": 0,
            "max_size": 2,
            "metrics_granularity": "1Minute",
            "min_elb_capacity": null,
            "min_size": 2,
            "mixed_instances_policy": [],
            "name": "staging-ASG-staging-datacluster-LC-2020121110204266760000000320201211102045074900000005",
            "name_prefix": "staging-ASG-staging-datacluster-LC-20201211102042667600000003",
            "placement_group": "",
            "protect_from_scale_in": false,
            "service_linked_role_arn": "arn:aws:iam::556789602792:role/aws-service-role/autoscaling.amazonaws.com/AWSServiceRoleForAutoScaling",
            "suspended_processes": [],
            "tag": [],
            "tags": [
              {
                "key": "Name",
                "propagate_at_launch": "true",
                "value": "staging-datacluster-instances"
              },
              {}
            ],
            "target_group_arns": [],
            "termination_policies": [],
            "timeouts": null,
            "vpc_zone_identifier": [
              "subnet-00566a5463063e1f8"
            ],
            "wait_for_capacity_timeout": "10m",
            "wait_for_elb_capacity": null
          },
          "private": "eyJlMmJmYjczMC1lY2FhLTExZTYtOGY4OC0zNDM2M2JjN2M0YzAiOnsiZGVsZXRlIjo2MDAwMDAwMDAwMDB9fQ==",
          "dependencies": [
            "module.vpc-staging.aws_launch_configuration.datacluster",
            "module.vpc-staging.aws_subnet.stuff"
          ]
        }
      ]
    },
    {
      "module": "module.vpc-staging",
      "mode": "managed",
      "type": "aws_autoscaling_group",
      "name": "manage_cluster",
      "provider": "provider.aws",
      "instances": [
        {
          "schema_version": 0,
          "attributes": {
            "arn": "arn:aws:autoscaling:eu-central-1:556789602792:autoScalingGroup:53fc98ad-a52d-4245-8b3e-da9775eb0ab9:autoScalingGroupName/staging-ASG-staging-manage_cluster-LC-2020121110204266430000000220201211102045146200000006",
            "availability_zones": [
              "eu-central-1a",
              "eu-central-1b"
            ],
            "capacity_rebalance": false,
            "default_cooldown": 300,
            "desired_capacity": 3,
            "enabled_metrics": [],
            "force_delete": false,
            "health_check_grace_period": 300,
            "health_check_type": "EC2",
            "id": "staging-ASG-staging-manage_cluster-LC-2020121110204266430000000220201211102045146200000006",
            "initial_lifecycle_hook": [],
            "launch_configuration": "staging-manage_cluster-LC-20201211102042664300000002",
            "launch_template": [],
            "load_balancers": [],
            "max_instance_lifetime": 0,
            "max_size": 3,
            "metrics_granularity": "1Minute",
            "min_elb_capacity": null,
            "min_size": 3,
            "mixed_instances_policy": [],
            "name": "staging-ASG-staging-manage_cluster-LC-2020121110204266430000000220201211102045146200000006",
            "name_prefix": "staging-ASG-staging-manage_cluster-LC-20201211102042664300000002",
            "placement_group": "",
            "protect_from_scale_in": false,
            "service_linked_role_arn": "arn:aws:iam::556789602792:role/aws-service-role/autoscaling.amazonaws.com/AWSServiceRoleForAutoScaling",
            "suspended_processes": [],
            "tag": [],
            "tags": [
              {
                "key": "Name",
                "propagate_at_launch": "true",
                "value": "staging-manage-cluster-instances"
              },
              {}
            ],
            "target_group_arns": [],
            "termination_policies": [],
            "timeouts": null,
            "vpc_zone_identifier": [
              "subnet-02988fa8322922fa1",
              "subnet-05f0ad95e0272fdaf"
            ],
            "wait_for_capacity_timeout": "10m",
            "wait_for_elb_capacity": null
          },
          "private": "eyJlMmJmYjczMC1lY2FhLTExZTYtOGY4OC0zNDM2M2JjN2M0YzAiOnsiZGVsZXRlIjo2MDAwMDAwMDAwMDB9fQ==",
          "dependencies": [
            "module.vpc-staging.aws_launch_configuration.manage_cluster",
            "module.vpc-staging.aws_subnet.natted"
          ]
        }
      ]
    },
    {
      "module": "module.vpc-staging",
      "mode": "managed",
      "type": "aws_autoscaling_group",
      "name": "web",
      "each": "list",
      "provider": "provider.aws",
      "instances": [
        {
          "index_key": 0,
          "schema_version": 0,
          "attributes": {
            "arn": "arn:aws:autoscaling:eu-central-1:556789602792:autoScalingGroup:6df3401a-5556-445c-874e-41dca0a677be:autoScalingGroupName/staging-ASG-staging-web_cluster-LC-2020121110204265660000000120201211102054620700000008",
            "availability_zones": [
              "eu-central-1a"
            ],
            "capacity_rebalance": false,
            "default_cooldown": 300,
            "desired_capacity": 2,
            "enabled_metrics": [],
            "force_delete": false,
            "health_check_grace_period": 300,
            "health_check_type": "ELB",
            "id": "staging-ASG-staging-web_cluster-LC-2020121110204265660000000120201211102054620700000008",
            "initial_lifecycle_hook": [],
            "launch_configuration": "staging-web_cluster-LC-20201211102042656600000001",
            "launch_template": [],
            "load_balancers": [
              "staging-ELB-web-cluster-1"
            ],
            "max_instance_lifetime": 0,
            "max_size": 2,
            "metrics_granularity": "1Minute",
            "min_elb_capacity": 2,
            "min_size": 2,
            "mixed_instances_policy": [],
            "name": "staging-ASG-staging-web_cluster-LC-2020121110204265660000000120201211102054620700000008",
            "name_prefix": "staging-ASG-staging-web_cluster-LC-20201211102042656600000001",
            "placement_group": "",
            "protect_from_scale_in": false,
            "service_linked_role_arn": "arn:aws:iam::556789602792:role/aws-service-role/autoscaling.amazonaws.com/AWSServiceRoleForAutoScaling",
            "suspended_processes": [],
            "tag": [],
            "tags": [
              {
                "key": "Name",
                "propagate_at_launch": "true",
                "value": "staging-web-instances"
              },
              {}
            ],
            "target_group_arns": [],
            "termination_policies": [],
            "timeouts": null,
            "vpc_zone_identifier": [
              "subnet-05f0ad95e0272fdaf"
            ],
            "wait_for_capacity_timeout": "10m",
            "wait_for_elb_capacity": null
          },
          "private": "eyJlMmJmYjczMC1lY2FhLTExZTYtOGY4OC0zNDM2M2JjN2M0YzAiOnsiZGVsZXRlIjo2MDAwMDAwMDAwMDB9fQ==",
          "dependencies": [
            "module.vpc-staging.aws_elb.web",
            "module.vpc-staging.aws_launch_configuration.web_cluster",
            "module.vpc-staging.aws_subnet.natted",
            "module.vpc-staging.aws_subnet.routed"
          ]
        },
        {
          "index_key": 1,
          "schema_version": 0,
          "attributes": {
            "arn": "arn:aws:autoscaling:eu-central-1:556789602792:autoScalingGroup:e6dfcf3f-f894-4a43-a893-a85140ed27c7:autoScalingGroupName/staging-ASG-staging-web_cluster-LC-2020121110204265660000000120201211102054585100000007",
            "availability_zones": [
              "eu-central-1b"
            ],
            "capacity_rebalance": false,
            "default_cooldown": 300,
            "desired_capacity": 2,
            "enabled_metrics": [],
            "force_delete": false,
            "health_check_grace_period": 300,
            "health_check_type": "ELB",
            "id": "staging-ASG-staging-web_cluster-LC-2020121110204265660000000120201211102054585100000007",
            "initial_lifecycle_hook": [],
            "launch_configuration": "staging-web_cluster-LC-20201211102042656600000001",
            "launch_template": [],
            "load_balancers": [
              "staging-ELB-web-cluster-2"
            ],
            "max_instance_lifetime": 0,
            "max_size": 2,
            "metrics_granularity": "1Minute",
            "min_elb_capacity": 2,
            "min_size": 2,
            "mixed_instances_policy": [],
            "name": "staging-ASG-staging-web_cluster-LC-2020121110204265660000000120201211102054585100000007",
            "name_prefix": "staging-ASG-staging-web_cluster-LC-20201211102042656600000001",
            "placement_group": "",
            "protect_from_scale_in": false,
            "service_linked_role_arn": "arn:aws:iam::556789602792:role/aws-service-role/autoscaling.amazonaws.com/AWSServiceRoleForAutoScaling",
            "suspended_processes": [],
            "tag": [],
            "tags": [
              {
                "key": "Name",
                "propagate_at_launch": "true",
                "value": "staging-web-instances"
              },
              {}
            ],
            "target_group_arns": [],
            "termination_policies": [],
            "timeouts": null,
            "vpc_zone_identifier": [
              "subnet-02988fa8322922fa1"
            ],
            "wait_for_capacity_timeout": "10m",
            "wait_for_elb_capacity": null
          },
          "private": "eyJlMmJmYjczMC1lY2FhLTExZTYtOGY4OC0zNDM2M2JjN2M0YzAiOnsiZGVsZXRlIjo2MDAwMDAwMDAwMDB9fQ==",
          "dependencies": [
            "module.vpc-staging.aws_elb.web",
            "module.vpc-staging.aws_launch_configuration.web_cluster",
            "module.vpc-staging.aws_subnet.natted",
            "module.vpc-staging.aws_subnet.routed"
          ]
        }
      ]
    },
    {
      "module": "module.vpc-staging",
      "mode": "managed",
      "type": "aws_eip",
      "name": "eip_subnet_routed",
      "provider": "provider.aws",
      "instances": [
        {
          "schema_version": 0,
          "attributes": {
            "allocation_id": null,
            "associate_with_private_ip": null,
            "association_id": "eipassoc-0427dce8ac6054d26",
            "customer_owned_ip": "",
            "customer_owned_ipv4_pool": "",
            "domain": "vpc",
            "id": "eipalloc-0634eb003fe5e03b1",
            "instance": "i-062ec0e5e17be93e8",
            "network_border_group": "eu-central-1",
            "network_interface": "eni-0a1266e013ebe1ee9",
            "private_dns": "ip-172-16-1-13.eu-central-1.compute.internal",
            "private_ip": "172.16.1.13",
            "public_dns": "ec2-18-192-46-181.eu-central-1.compute.amazonaws.com",
            "public_ip": "18.192.46.181",
            "public_ipv4_pool": "amazon",
            "tags": {},
            "timeouts": null,
            "vpc": true
          },
          "private": "eyJlMmJmYjczMC1lY2FhLTExZTYtOGY4OC0zNDM2M2JjN2M0YzAiOnsiZGVsZXRlIjoxODAwMDAwMDAwMDAsInJlYWQiOjkwMDAwMDAwMDAwMCwidXBkYXRlIjozMDAwMDAwMDAwMDB9fQ==",
          "dependencies": [
            "module.vpc-staging.aws_instance.my_webserver",
            "module.vpc-staging.aws_security_group.web",
            "module.vpc-staging.aws_subnet.routed",
            "module.vpc-staging.aws_vpc.main"
          ]
        }
      ]
    },
    {
      "module": "module.vpc-staging",
      "mode": "managed",
      "type": "aws_eip",
      "name": "eip_subnet_routed-stuff",
      "each": "list",
      "provider": "provider.aws",
      "instances": [
        {
          "index_key": 0,
          "schema_version": 0,
          "attributes": {
            "allocation_id": null,
            "associate_with_private_ip": null,
            "association_id": "eipassoc-0c8c82e319eb704b9",
            "customer_owned_ip": "",
            "customer_owned_ipv4_pool": "",
            "domain": "vpc",
            "id": "eipalloc-0e31aec56140d3602",
            "instance": "",
            "network_border_group": "eu-central-1",
            "network_interface": "eni-0d72e8e3571ed3c39",
            "private_dns": "ip-172-16-2-47.eu-central-1.compute.internal",
            "private_ip": "172.16.2.47",
            "public_dns": "ec2-18-158-81-40.eu-central-1.compute.amazonaws.com",
            "public_ip": "18.158.81.40",
            "public_ipv4_pool": "amazon",
            "tags": {
              "Name": "staging-nat-gw-1"
            },
            "timeouts": null,
            "vpc": true
          },
          "private": "eyJlMmJmYjczMC1lY2FhLTExZTYtOGY4OC0zNDM2M2JjN2M0YzAiOnsiZGVsZXRlIjoxODAwMDAwMDAwMDAsInJlYWQiOjkwMDAwMDAwMDAwMCwidXBkYXRlIjozMDAwMDAwMDAwMDB9fQ==",
          "dependencies": [
            "module.vpc-staging.aws_subnet.stuff-routed",
            "module.vpc-staging.aws_vpc.main"
          ]
        },
        {
          "index_key": 1,
          "schema_version": 0,
          "attributes": {
            "allocation_id": null,
            "associate_with_private_ip": null,
            "association_id": "eipassoc-002d070a8b8b08342",
            "customer_owned_ip": "",
            "customer_owned_ipv4_pool": "",
            "domain": "vpc",
            "id": "eipalloc-0d55ef8c05a6f0e83",
            "instance": "",
            "network_border_group": "eu-central-1",
            "network_interface": "eni-04f7bca5151afe090",
            "private_dns": "ip-172-16-12-151.eu-central-1.compute.internal",
            "private_ip": "172.16.12.151",
            "public_dns": "ec2-3-64-27-145.eu-central-1.compute.amazonaws.com",
            "public_ip": "3.64.27.145",
            "public_ipv4_pool": "amazon",
            "tags": {
              "Name": "staging-nat-gw-2"
            },
            "timeouts": null,
            "vpc": true
          },
          "private": "eyJlMmJmYjczMC1lY2FhLTExZTYtOGY4OC0zNDM2M2JjN2M0YzAiOnsiZGVsZXRlIjoxODAwMDAwMDAwMDAsInJlYWQiOjkwMDAwMDAwMDAwMCwidXBkYXRlIjozMDAwMDAwMDAwMDB9fQ==",
          "dependencies": [
            "module.vpc-staging.aws_subnet.stuff-routed",
            "module.vpc-staging.aws_vpc.main"
          ]
        }
      ]
    },
    {
      "module": "module.vpc-staging",
      "mode": "managed",
      "type": "aws_elb",
      "name": "web",
      "each": "list",
      "provider": "provider.aws",
      "instances": [
        {
          "index_key": 0,
          "schema_version": 0,
          "attributes": {
            "access_logs": [],
            "arn": "arn:aws:elasticloadbalancing:eu-central-1:556789602792:loadbalancer/staging-ELB-web-cluster-1",
            "availability_zones": [
              "eu-central-1a"
            ],
            "connection_draining": false,
            "connection_draining_timeout": 300,
            "cross_zone_load_balancing": true,
            "dns_name": "staging-ELB-web-cluster-1-745473614.eu-central-1.elb.amazonaws.com",
            "health_check": [
              {
                "healthy_threshold": 2,
                "interval": 10,
                "target": "HTTP:80/",
                "timeout": 3,
                "unhealthy_threshold": 2
              }
            ],
            "id": "staging-ELB-web-cluster-1",
            "idle_timeout": 60,
            "instances": [
              "i-0669cf8190aaa1ca0",
              "i-0e0e5c5f60d3c5008"
            ],
            "internal": false,
            "listener": [
              {
                "instance_port": 80,
                "instance_protocol": "http",
                "lb_port": 80,
                "lb_protocol": "http",
                "ssl_certificate_id": ""
              }
            ],
            "name": "staging-ELB-web-cluster-1",
            "name_prefix": null,
            "security_groups": [
              "sg-037c882d6f48c6d26"
            ],
            "source_security_group": "556789602792/WebServer Security Group",
            "source_security_group_id": "sg-037c882d6f48c6d26",
            "subnets": [
              "subnet-065c6c21aa9430b11"
            ],
            "tags": {
              "Name": "Test"
            },
            "zone_id": "Z215JYRZR1TBD5"
          },
          "private": "bnVsbA==",
          "dependencies": [
            "module.vpc-staging.aws_security_group.web",
            "module.vpc-staging.aws_subnet.routed",
            "module.vpc-staging.aws_vpc.main"
          ]
        },
        {
          "index_key": 1,
          "schema_version": 0,
          "attributes": {
            "access_logs": [],
            "arn": "arn:aws:elasticloadbalancing:eu-central-1:556789602792:loadbalancer/staging-ELB-web-cluster-2",
            "availability_zones": [
              "eu-central-1b"
            ],
            "connection_draining": false,
            "connection_draining_timeout": 300,
            "cross_zone_load_balancing": true,
            "dns_name": "staging-ELB-web-cluster-2-1133533482.eu-central-1.elb.amazonaws.com",
            "health_check": [
              {
                "healthy_threshold": 2,
                "interval": 10,
                "target": "HTTP:80/",
                "timeout": 3,
                "unhealthy_threshold": 2
              }
            ],
            "id": "staging-ELB-web-cluster-2",
            "idle_timeout": 60,
            "instances": [
              "i-060663d094a51897a",
              "i-0db23d1a317a383bb"
            ],
            "internal": false,
            "listener": [
              {
                "instance_port": 80,
                "instance_protocol": "http",
                "lb_port": 80,
                "lb_protocol": "http",
                "ssl_certificate_id": ""
              }
            ],
            "name": "staging-ELB-web-cluster-2",
            "name_prefix": null,
            "security_groups": [
              "sg-037c882d6f48c6d26"
            ],
            "source_security_group": "556789602792/WebServer Security Group",
            "source_security_group_id": "sg-037c882d6f48c6d26",
            "subnets": [
              "subnet-09f601b648e0d952d"
            ],
            "tags": {
              "Name": "Test"
            },
            "zone_id": "Z215JYRZR1TBD5"
          },
          "private": "bnVsbA==",
          "dependencies": [
            "module.vpc-staging.aws_security_group.web",
            "module.vpc-staging.aws_subnet.routed",
            "module.vpc-staging.aws_vpc.main"
          ]
        }
      ]
    },
    {
      "module": "module.vpc-staging",
      "mode": "managed",
      "type": "aws_instance",
      "name": "my_webserver",
      "provider": "provider.aws",
      "instances": [
        {
          "schema_version": 1,
          "attributes": {
            "ami": "ami-09a4a23815cdb5e06",
            "arn": "arn:aws:ec2:eu-central-1:556789602792:instance/i-062ec0e5e17be93e8",
            "associate_public_ip_address": true,
            "availability_zone": "eu-central-1a",
            "cpu_core_count": 1,
            "cpu_threads_per_core": 1,
            "credit_specification": [
              {
                "cpu_credits": "standard"
              }
            ],
            "disable_api_termination": false,
            "ebs_block_device": [],
            "ebs_optimized": false,
            "ephemeral_block_device": [],
            "get_password_data": false,
            "hibernation": false,
            "host_id": null,
            "iam_instance_profile": "",
            "id": "i-062ec0e5e17be93e8",
            "instance_initiated_shutdown_behavior": null,
            "instance_state": "running",
            "instance_type": "t2.micro",
            "ipv6_address_count": 0,
            "ipv6_addresses": [],
            "key_name": "",
            "metadata_options": [
              {
                "http_endpoint": "enabled",
                "http_put_response_hop_limit": 1,
                "http_tokens": "optional"
              }
            ],
            "monitoring": false,
            "network_interface": [],
            "outpost_arn": "",
            "password_data": "",
            "placement_group": "",
            "primary_network_interface_id": "eni-0a1266e013ebe1ee9",
            "private_dns": "ip-172-16-1-13.eu-central-1.compute.internal",
            "private_ip": "172.16.1.13",
            "public_dns": "",
            "public_ip": "18.192.46.181",
            "root_block_device": [
              {
                "delete_on_termination": true,
                "device_name": "/dev/sda1",
                "encrypted": false,
                "iops": 100,
                "kms_key_id": "",
                "volume_id": "vol-0a38ca653621c318a",
                "volume_size": 8,
                "volume_type": "gp2"
              }
            ],
            "secondary_private_ips": [],
            "security_groups": [],
            "source_dest_check": true,
            "subnet_id": "subnet-065c6c21aa9430b11",
            "tags": {
              "Name": "test"
            },
            "tenancy": "default",
            "timeouts": null,
            "user_data": "6eb3500009215cc98948d196cce11ce0bf112081",
            "user_data_base64": null,
            "volume_tags": {},
            "vpc_security_group_ids": [
              "sg-037c882d6f48c6d26"
            ]
          },
          "private": "eyJlMmJmYjczMC1lY2FhLTExZTYtOGY4OC0zNDM2M2JjN2M0YzAiOnsiY3JlYXRlIjo2MDAwMDAwMDAwMDAsImRlbGV0ZSI6MTIwMDAwMDAwMDAwMCwidXBkYXRlIjo2MDAwMDAwMDAwMDB9LCJzY2hlbWFfdmVyc2lvbiI6IjEifQ==",
          "dependencies": [
            "module.vpc-staging.aws_security_group.web",
            "module.vpc-staging.aws_subnet.routed",
            "module.vpc-staging.aws_vpc.main"
          ]
        }
      ]
    },
    {
      "module": "module.vpc-staging",
      "mode": "managed",
      "type": "aws_internet_gateway",
      "name": "gw",
      "provider": "provider.aws",
      "instances": [
        {
          "schema_version": 0,
          "attributes": {
            "arn": "arn:aws:ec2:eu-central-1:556789602792:internet-gateway/igw-03cb351d9dae1bd01",
            "id": "igw-03cb351d9dae1bd01",
            "owner_id": "556789602792",
            "tags": {
              "Name": "staging-igw"
            },
            "vpc_id": "vpc-05f3872994c43d14b"
          },
          "private": "bnVsbA==",
          "dependencies": [
            "module.vpc-staging.aws_vpc.main"
          ]
        }
      ]
    },
    {
      "module": "module.vpc-staging",
      "mode": "managed",
      "type": "aws_launch_configuration",
      "name": "datacluster",
      "provider": "provider.aws",
      "instances": [
        {
          "schema_version": 0,
          "attributes": {
            "arn": "arn:aws:autoscaling:eu-central-1:556789602792:launchConfiguration:56aff3fb-a6e8-454c-aeca-ef7dc505bac4:launchConfigurationName/staging-datacluster-LC-20201211102042667600000003",
            "associate_public_ip_address": false,
            "ebs_block_device": [],
            "ebs_optimized": false,
            "enable_monitoring": true,
            "ephemeral_block_device": [],
            "iam_instance_profile": "",
            "id": "staging-datacluster-LC-20201211102042667600000003",
            "image_id": "ami-09a4a23815cdb5e06",
            "instance_type": "t2.micro",
            "key_name": "",
            "name": "staging-datacluster-LC-20201211102042667600000003",
            "name_prefix": "staging-datacluster-LC-",
            "placement_tenancy": null,
            "root_block_device": [],
            "security_groups": [
              "sg-037c882d6f48c6d26"
            ],
            "spot_price": "",
            "user_data": "6eb3500009215cc98948d196cce11ce0bf112081",
            "user_data_base64": null,
            "vpc_classic_link_id": "",
            "vpc_classic_link_security_groups": []
          },
          "private": "bnVsbA==",
          "dependencies": [
            "module.vpc-staging.aws_security_group.web",
            "module.vpc-staging.aws_vpc.main"
          ]
        }
      ]
    },
    {
      "module": "module.vpc-staging",
      "mode": "managed",
      "type": "aws_launch_configuration",
      "name": "manage_cluster",
      "provider": "provider.aws",
      "instances": [
        {
          "schema_version": 0,
          "attributes": {
            "arn": "arn:aws:autoscaling:eu-central-1:556789602792:launchConfiguration:b89e1e41-a828-4710-9667-2815589a937a:launchConfigurationName/staging-manage_cluster-LC-20201211102042664300000002",
            "associate_public_ip_address": false,
            "ebs_block_device": [],
            "ebs_optimized": false,
            "enable_monitoring": true,
            "ephemeral_block_device": [],
            "iam_instance_profile": "",
            "id": "staging-manage_cluster-LC-20201211102042664300000002",
            "image_id": "ami-09a4a23815cdb5e06",
            "instance_type": "t2.micro",
            "key_name": "",
            "name": "staging-manage_cluster-LC-20201211102042664300000002",
            "name_prefix": "staging-manage_cluster-LC-",
            "placement_tenancy": null,
            "root_block_device": [],
            "security_groups": [
              "sg-037c882d6f48c6d26"
            ],
            "spot_price": "",
            "user_data": "6eb3500009215cc98948d196cce11ce0bf112081",
            "user_data_base64": null,
            "vpc_classic_link_id": "",
            "vpc_classic_link_security_groups": []
          },
          "private": "bnVsbA==",
          "dependencies": [
            "module.vpc-staging.aws_security_group.web",
            "module.vpc-staging.aws_vpc.main"
          ]
        }
      ]
    },
    {
      "module": "module.vpc-staging",
      "mode": "managed",
      "type": "aws_launch_configuration",
      "name": "web_cluster",
      "provider": "provider.aws",
      "instances": [
        {
          "schema_version": 0,
          "attributes": {
            "arn": "arn:aws:autoscaling:eu-central-1:556789602792:launchConfiguration:cc2fbc54-6d53-48bd-93c8-01ea37f78707:launchConfigurationName/staging-web_cluster-LC-20201211102042656600000001",
            "associate_public_ip_address": false,
            "ebs_block_device": [],
            "ebs_optimized": false,
            "enable_monitoring": true,
            "ephemeral_block_device": [],
            "iam_instance_profile": "",
            "id": "staging-web_cluster-LC-20201211102042656600000001",
            "image_id": "ami-09a4a23815cdb5e06",
            "instance_type": "t2.micro",
            "key_name": "",
            "name": "staging-web_cluster-LC-20201211102042656600000001",
            "name_prefix": "staging-web_cluster-LC-",
            "placement_tenancy": null,
            "root_block_device": [],
            "security_groups": [
              "sg-037c882d6f48c6d26"
            ],
            "spot_price": "",
            "user_data": "6eb3500009215cc98948d196cce11ce0bf112081",
            "user_data_base64": null,
            "vpc_classic_link_id": "",
            "vpc_classic_link_security_groups": []
          },
          "private": "bnVsbA==",
          "dependencies": [
            "module.vpc-staging.aws_security_group.web",
            "module.vpc-staging.aws_vpc.main"
          ]
        }
      ]
    },
    {
      "module": "module.vpc-staging",
      "mode": "managed",
      "type": "aws_nat_gateway",
      "name": "gw",
      "each": "list",
      "provider": "provider.aws",
      "instances": [
        {
          "index_key": 0,
          "schema_version": 0,
          "attributes": {
            "allocation_id": "eipalloc-0e31aec56140d3602",
            "id": "nat-00eb1855952a480cc",
            "network_interface_id": "eni-0d72e8e3571ed3c39",
            "private_ip": "172.16.2.47",
            "public_ip": "18.158.81.40",
            "subnet_id": "subnet-04f2a91f2835ed9d8",
            "tags": {
              "Name": "staging-nat-gw-1"
            }
          },
          "private": "bnVsbA==",
          "dependencies": [
            "module.vpc-staging.aws_eip.eip_subnet_routed-stuff",
            "module.vpc-staging.aws_subnet.stuff-routed",
            "module.vpc-staging.aws_vpc.main"
          ]
        },
        {
          "index_key": 1,
          "schema_version": 0,
          "attributes": {
            "allocation_id": "eipalloc-0d55ef8c05a6f0e83",
            "id": "nat-08adc54a4d0f1fb75",
            "network_interface_id": "eni-04f7bca5151afe090",
            "private_ip": "172.16.12.151",
            "public_ip": "3.64.27.145",
            "subnet_id": "subnet-098571b5d6a4ad7b6",
            "tags": {
              "Name": "staging-nat-gw-2"
            }
          },
          "private": "bnVsbA==",
          "dependencies": [
            "module.vpc-staging.aws_eip.eip_subnet_routed-stuff",
            "module.vpc-staging.aws_subnet.stuff-routed",
            "module.vpc-staging.aws_vpc.main"
          ]
        }
      ]
    },
    {
      "module": "module.vpc-staging",
      "mode": "managed",
      "type": "aws_route_table",
      "name": "rt_natted",
      "each": "list",
      "provider": "provider.aws",
      "instances": [
        {
          "index_key": 0,
          "schema_version": 0,
          "attributes": {
            "id": "rtb-023ac665eb0192781",
            "owner_id": "556789602792",
            "propagating_vgws": [],
            "route": [
              {
                "cidr_block": "0.0.0.0/0",
                "egress_only_gateway_id": "",
                "gateway_id": "",
                "instance_id": "",
                "ipv6_cidr_block": "",
                "local_gateway_id": "",
                "nat_gateway_id": "nat-00eb1855952a480cc",
                "network_interface_id": "",
                "transit_gateway_id": "",
                "vpc_endpoint_id": "",
                "vpc_peering_connection_id": ""
              }
            ],
            "tags": {
              "Name": "staging-route-rt_natted-subnets"
            },
            "vpc_id": "vpc-05f3872994c43d14b"
          },
          "private": "bnVsbA==",
          "dependencies": [
            "module.vpc-staging.aws_eip.eip_subnet_routed-stuff",
            "module.vpc-staging.aws_nat_gateway.gw",
            "module.vpc-staging.aws_subnet.stuff-routed",
            "module.vpc-staging.aws_vpc.main"
          ]
        },
        {
          "index_key": 1,
          "schema_version": 0,
          "attributes": {
            "id": "rtb-012a594da62fd5ea2",
            "owner_id": "556789602792",
            "propagating_vgws": [],
            "route": [
              {
                "cidr_block": "0.0.0.0/0",
                "egress_only_gateway_id": "",
                "gateway_id": "",
                "instance_id": "",
                "ipv6_cidr_block": "",
                "local_gateway_id": "",
                "nat_gateway_id": "nat-08adc54a4d0f1fb75",
                "network_interface_id": "",
                "transit_gateway_id": "",
                "vpc_endpoint_id": "",
                "vpc_peering_connection_id": ""
              }
            ],
            "tags": {
              "Name": "staging-route-rt_natted-subnets"
            },
            "vpc_id": "vpc-05f3872994c43d14b"
          },
          "private": "bnVsbA==",
          "dependencies": [
            "module.vpc-staging.aws_eip.eip_subnet_routed-stuff",
            "module.vpc-staging.aws_nat_gateway.gw",
            "module.vpc-staging.aws_subnet.stuff-routed",
            "module.vpc-staging.aws_vpc.main"
          ]
        }
      ]
    },
    {
      "module": "module.vpc-staging",
      "mode": "managed",
      "type": "aws_route_table",
      "name": "rt_routed",
      "provider": "provider.aws",
      "instances": [
        {
          "schema_version": 0,
          "attributes": {
            "id": "rtb-0427bd43fb42a4b99",
            "owner_id": "556789602792",
            "propagating_vgws": [],
            "route": [
              {
                "cidr_block": "0.0.0.0/0",
                "egress_only_gateway_id": "",
                "gateway_id": "igw-03cb351d9dae1bd01",
                "instance_id": "",
                "ipv6_cidr_block": "",
                "local_gateway_id": "",
                "nat_gateway_id": "",
                "network_interface_id": "",
                "transit_gateway_id": "",
                "vpc_endpoint_id": "",
                "vpc_peering_connection_id": ""
              }
            ],
            "tags": {
              "Name": "staging-route-rt_routed-subnets"
            },
            "vpc_id": "vpc-05f3872994c43d14b"
          },
          "private": "bnVsbA==",
          "dependencies": [
            "module.vpc-staging.aws_internet_gateway.gw",
            "module.vpc-staging.aws_vpc.main"
          ]
        }
      ]
    },
    {
      "module": "module.vpc-staging",
      "mode": "managed",
      "type": "aws_route_table",
      "name": "rt_stuff",
      "provider": "provider.aws",
      "instances": [
        {
          "schema_version": 0,
          "attributes": {
            "id": "rtb-08125a4826c9ea9c0",
            "owner_id": "556789602792",
            "propagating_vgws": [],
            "route": [],
            "tags": {
              "Name": "staging-route-stuff-subnets"
            },
            "vpc_id": "vpc-05f3872994c43d14b"
          },
          "private": "bnVsbA==",
          "dependencies": [
            "module.vpc-staging.aws_vpc.main"
          ]
        }
      ]
    },
    {
      "module": "module.vpc-staging",
      "mode": "managed",
      "type": "aws_route_table",
      "name": "rt_stuff-routed",
      "provider": "provider.aws",
      "instances": [
        {
          "schema_version": 0,
          "attributes": {
            "id": "rtb-0f265a2ff8061642c",
            "owner_id": "556789602792",
            "propagating_vgws": [],
            "route": [
              {
                "cidr_block": "0.0.0.0/0",
                "egress_only_gateway_id": "",
                "gateway_id": "igw-03cb351d9dae1bd01",
                "instance_id": "",
                "ipv6_cidr_block": "",
                "local_gateway_id": "",
                "nat_gateway_id": "",
                "network_interface_id": "",
                "transit_gateway_id": "",
                "vpc_endpoint_id": "",
                "vpc_peering_connection_id": ""
              }
            ],
            "tags": {
              "Name": "staging-route-stuff-routed-subnets"
            },
            "vpc_id": "vpc-05f3872994c43d14b"
          },
          "private": "bnVsbA==",
          "dependencies": [
            "module.vpc-staging.aws_internet_gateway.gw",
            "module.vpc-staging.aws_vpc.main"
          ]
        }
      ]
    },
    {
      "module": "module.vpc-staging",
      "mode": "managed",
      "type": "aws_route_table_association",
      "name": "natted",
      "each": "list",
      "provider": "provider.aws",
      "instances": [
        {
          "index_key": 0,
          "schema_version": 0,
          "attributes": {
            "gateway_id": null,
            "id": "rtbassoc-0ec4be6f54f9fd111",
            "route_table_id": "rtb-023ac665eb0192781",
            "subnet_id": "subnet-05f0ad95e0272fdaf"
          },
          "private": "bnVsbA==",
          "dependencies": [
            "module.vpc-staging.aws_eip.eip_subnet_routed-stuff",
            "module.vpc-staging.aws_nat_gateway.gw",
            "module.vpc-staging.aws_route_table.rt_natted",
            "module.vpc-staging.aws_subnet.natted",
            "module.vpc-staging.aws_subnet.stuff-routed",
            "module.vpc-staging.aws_vpc.main"
          ]
        },
        {
          "index_key": 1,
          "schema_version": 0,
          "attributes": {
            "gateway_id": null,
            "id": "rtbassoc-0947a8a3c34a5799a",
            "route_table_id": "rtb-012a594da62fd5ea2",
            "subnet_id": "subnet-02988fa8322922fa1"
          },
          "private": "bnVsbA==",
          "dependencies": [
            "module.vpc-staging.aws_eip.eip_subnet_routed-stuff",
            "module.vpc-staging.aws_nat_gateway.gw",
            "module.vpc-staging.aws_route_table.rt_natted",
            "module.vpc-staging.aws_subnet.natted",
            "module.vpc-staging.aws_subnet.stuff-routed",
            "module.vpc-staging.aws_vpc.main"
          ]
        }
      ]
    },
    {
      "module": "module.vpc-staging",
      "mode": "managed",
      "type": "aws_route_table_association",
      "name": "routed",
      "each": "list",
      "provider": "provider.aws",
      "instances": [
        {
          "index_key": 0,
          "schema_version": 0,
          "attributes": {
            "gateway_id": null,
            "id": "rtbassoc-0934f9b609ba695bd",
            "route_table_id": "rtb-0427bd43fb42a4b99",
            "subnet_id": "subnet-065c6c21aa9430b11"
          },
          "private": "bnVsbA==",
          "dependencies": [
            "module.vpc-staging.aws_internet_gateway.gw",
            "module.vpc-staging.aws_route_table.rt_routed",
            "module.vpc-staging.aws_subnet.routed",
            "module.vpc-staging.aws_vpc.main"
          ]
        },
        {
          "index_key": 1,
          "schema_version": 0,
          "attributes": {
            "gateway_id": null,
            "id": "rtbassoc-01ba5f578b3417553",
            "route_table_id": "rtb-0427bd43fb42a4b99",
            "subnet_id": "subnet-09f601b648e0d952d"
          },
          "private": "bnVsbA==",
          "dependencies": [
            "module.vpc-staging.aws_internet_gateway.gw",
            "module.vpc-staging.aws_route_table.rt_routed",
            "module.vpc-staging.aws_subnet.routed",
            "module.vpc-staging.aws_vpc.main"
          ]
        }
      ]
    },
    {
      "module": "module.vpc-staging",
      "mode": "managed",
      "type": "aws_route_table_association",
      "name": "stuff",
      "each": "list",
      "provider": "provider.aws",
      "instances": [
        {
          "index_key": 0,
          "schema_version": 0,
          "attributes": {
            "gateway_id": null,
            "id": "rtbassoc-0adb4ec742c15345e",
            "route_table_id": "rtb-08125a4826c9ea9c0",
            "subnet_id": "subnet-0f5aa38b1e81b3e31"
          },
          "private": "bnVsbA==",
          "dependencies": [
            "module.vpc-staging.aws_route_table.rt_stuff",
            "module.vpc-staging.aws_subnet.stuff",
            "module.vpc-staging.aws_vpc.main"
          ]
        },
        {
          "index_key": 1,
          "schema_version": 0,
          "attributes": {
            "gateway_id": null,
            "id": "rtbassoc-05fc74d9024b5412b",
            "route_table_id": "rtb-08125a4826c9ea9c0",
            "subnet_id": "subnet-00566a5463063e1f8"
          },
          "private": "bnVsbA==",
          "dependencies": [
            "module.vpc-staging.aws_route_table.rt_stuff",
            "module.vpc-staging.aws_subnet.stuff",
            "module.vpc-staging.aws_vpc.main"
          ]
        }
      ]
    },
    {
      "module": "module.vpc-staging",
      "mode": "managed",
      "type": "aws_route_table_association",
      "name": "stuff-routed",
      "each": "list",
      "provider": "provider.aws",
      "instances": [
        {
          "index_key": 0,
          "schema_version": 0,
          "attributes": {
            "gateway_id": null,
            "id": "rtbassoc-064fe55c5679cdb22",
            "route_table_id": "rtb-0f265a2ff8061642c",
            "subnet_id": "subnet-04f2a91f2835ed9d8"
          },
          "private": "bnVsbA==",
          "dependencies": [
            "module.vpc-staging.aws_internet_gateway.gw",
            "module.vpc-staging.aws_route_table.rt_stuff-routed",
            "module.vpc-staging.aws_subnet.stuff-routed",
            "module.vpc-staging.aws_vpc.main"
          ]
        },
        {
          "index_key": 1,
          "schema_version": 0,
          "attributes": {
            "gateway_id": null,
            "id": "rtbassoc-013922cb16890cf06",
            "route_table_id": "rtb-0f265a2ff8061642c",
            "subnet_id": "subnet-098571b5d6a4ad7b6"
          },
          "private": "bnVsbA==",
          "dependencies": [
            "module.vpc-staging.aws_internet_gateway.gw",
            "module.vpc-staging.aws_route_table.rt_stuff-routed",
            "module.vpc-staging.aws_subnet.stuff-routed",
            "module.vpc-staging.aws_vpc.main"
          ]
        }
      ]
    },
    {
      "module": "module.vpc-staging",
      "mode": "managed",
      "type": "aws_security_group",
      "name": "web",
      "provider": "provider.aws",
      "instances": [
        {
          "schema_version": 1,
          "attributes": {
            "arn": "arn:aws:ec2:eu-central-1:556789602792:security-group/sg-037c882d6f48c6d26",
            "description": "SecurityGroup for webservers 22, 80 and 443 open",
            "egress": [
              {
                "cidr_blocks": [
                  "0.0.0.0/0"
                ],
                "description": "",
                "from_port": 0,
                "ipv6_cidr_blocks": [],
                "prefix_list_ids": [],
                "protocol": "-1",
                "security_groups": [],
                "self": false,
                "to_port": 0
              }
            ],
            "id": "sg-037c882d6f48c6d26",
            "ingress": [
              {
                "cidr_blocks": [
                  "0.0.0.0/0"
                ],
                "description": "",
                "from_port": 22,
                "ipv6_cidr_blocks": [],
                "prefix_list_ids": [],
                "protocol": "tcp",
                "security_groups": [],
                "self": false,
                "to_port": 22
              },
              {
                "cidr_blocks": [
                  "0.0.0.0/0"
                ],
                "description": "",
                "from_port": 443,
                "ipv6_cidr_blocks": [],
                "prefix_list_ids": [],
                "protocol": "tcp",
                "security_groups": [],
                "self": false,
                "to_port": 443
              },
              {
                "cidr_blocks": [
                  "0.0.0.0/0"
                ],
                "description": "",
                "from_port": 80,
                "ipv6_cidr_blocks": [],
                "prefix_list_ids": [],
                "protocol": "tcp",
                "security_groups": [],
                "self": false,
                "to_port": 80
              }
            ],
            "name": "WebServer Security Group",
            "name_prefix": "",
            "owner_id": "556789602792",
            "revoke_rules_on_delete": false,
            "tags": {
              "Name": "test"
            },
            "timeouts": null,
            "vpc_id": "vpc-05f3872994c43d14b"
          },
          "private": "eyJlMmJmYjczMC1lY2FhLTExZTYtOGY4OC0zNDM2M2JjN2M0YzAiOnsiY3JlYXRlIjo2MDAwMDAwMDAwMDAsImRlbGV0ZSI6NjAwMDAwMDAwMDAwfSwic2NoZW1hX3ZlcnNpb24iOiIxIn0=",
          "dependencies": [
            "module.vpc-staging.aws_vpc.main"
          ]
        }
      ]
    },
    {
      "module": "module.vpc-staging",
      "mode": "managed",
      "type": "aws_subnet",
      "name": "natted",
      "each": "list",
      "provider": "provider.aws",
      "instances": [
        {
          "index_key": 0,
          "schema_version": 1,
          "attributes": {
            "arn": "arn:aws:ec2:eu-central-1:556789602792:subnet/subnet-05f0ad95e0272fdaf",
            "assign_ipv6_address_on_creation": false,
            "availability_zone": "eu-central-1a",
            "availability_zone_id": "euc1-az2",
            "cidr_block": "172.16.0.0/24",
            "id": "subnet-05f0ad95e0272fdaf",
            "ipv6_cidr_block": "",
            "ipv6_cidr_block_association_id": "",
            "map_public_ip_on_launch": false,
            "outpost_arn": "",
            "owner_id": "556789602792",
            "tags": {
              "Name": "staging-natted-1"
            },
            "timeouts": null,
            "vpc_id": "vpc-05f3872994c43d14b"
          },
          "private": "eyJlMmJmYjczMC1lY2FhLTExZTYtOGY4OC0zNDM2M2JjN2M0YzAiOnsiY3JlYXRlIjo2MDAwMDAwMDAwMDAsImRlbGV0ZSI6MTIwMDAwMDAwMDAwMH0sInNjaGVtYV92ZXJzaW9uIjoiMSJ9",
          "dependencies": [
            "module.vpc-staging.aws_vpc.main"
          ]
        },
        {
          "index_key": 1,
          "schema_version": 1,
          "attributes": {
            "arn": "arn:aws:ec2:eu-central-1:556789602792:subnet/subnet-02988fa8322922fa1",
            "assign_ipv6_address_on_creation": false,
            "availability_zone": "eu-central-1b",
            "availability_zone_id": "euc1-az3",
            "cidr_block": "172.16.10.0/24",
            "id": "subnet-02988fa8322922fa1",
            "ipv6_cidr_block": "",
            "ipv6_cidr_block_association_id": "",
            "map_public_ip_on_launch": false,
            "outpost_arn": "",
            "owner_id": "556789602792",
            "tags": {
              "Name": "staging-natted-2"
            },
            "timeouts": null,
            "vpc_id": "vpc-05f3872994c43d14b"
          },
          "private": "eyJlMmJmYjczMC1lY2FhLTExZTYtOGY4OC0zNDM2M2JjN2M0YzAiOnsiY3JlYXRlIjo2MDAwMDAwMDAwMDAsImRlbGV0ZSI6MTIwMDAwMDAwMDAwMH0sInNjaGVtYV92ZXJzaW9uIjoiMSJ9",
          "dependencies": [
            "module.vpc-staging.aws_vpc.main"
          ]
        }
      ]
    },
    {
      "module": "module.vpc-staging",
      "mode": "managed",
      "type": "aws_subnet",
      "name": "routed",
      "each": "list",
      "provider": "provider.aws",
      "instances": [
        {
          "index_key": 0,
          "schema_version": 1,
          "attributes": {
            "arn": "arn:aws:ec2:eu-central-1:556789602792:subnet/subnet-065c6c21aa9430b11",
            "assign_ipv6_address_on_creation": false,
            "availability_zone": "eu-central-1a",
            "availability_zone_id": "euc1-az2",
            "cidr_block": "172.16.1.0/24",
            "id": "subnet-065c6c21aa9430b11",
            "ipv6_cidr_block": "",
            "ipv6_cidr_block_association_id": "",
            "map_public_ip_on_launch": false,
            "outpost_arn": "",
            "owner_id": "556789602792",
            "tags": {
              "Name": "staging-routed-1"
            },
            "timeouts": null,
            "vpc_id": "vpc-05f3872994c43d14b"
          },
          "private": "eyJlMmJmYjczMC1lY2FhLTExZTYtOGY4OC0zNDM2M2JjN2M0YzAiOnsiY3JlYXRlIjo2MDAwMDAwMDAwMDAsImRlbGV0ZSI6MTIwMDAwMDAwMDAwMH0sInNjaGVtYV92ZXJzaW9uIjoiMSJ9",
          "dependencies": [
            "module.vpc-staging.aws_vpc.main"
          ]
        },
        {
          "index_key": 1,
          "schema_version": 1,
          "attributes": {
            "arn": "arn:aws:ec2:eu-central-1:556789602792:subnet/subnet-09f601b648e0d952d",
            "assign_ipv6_address_on_creation": false,
            "availability_zone": "eu-central-1b",
            "availability_zone_id": "euc1-az3",
            "cidr_block": "172.16.11.0/24",
            "id": "subnet-09f601b648e0d952d",
            "ipv6_cidr_block": "",
            "ipv6_cidr_block_association_id": "",
            "map_public_ip_on_launch": false,
            "outpost_arn": "",
            "owner_id": "556789602792",
            "tags": {
              "Name": "staging-routed-2"
            },
            "timeouts": null,
            "vpc_id": "vpc-05f3872994c43d14b"
          },
          "private": "eyJlMmJmYjczMC1lY2FhLTExZTYtOGY4OC0zNDM2M2JjN2M0YzAiOnsiY3JlYXRlIjo2MDAwMDAwMDAwMDAsImRlbGV0ZSI6MTIwMDAwMDAwMDAwMH0sInNjaGVtYV92ZXJzaW9uIjoiMSJ9",
          "dependencies": [
            "module.vpc-staging.aws_vpc.main"
          ]
        }
      ]
    },
    {
      "module": "module.vpc-staging",
      "mode": "managed",
      "type": "aws_subnet",
      "name": "stuff",
      "each": "list",
      "provider": "provider.aws",
      "instances": [
        {
          "index_key": 0,
          "schema_version": 1,
          "attributes": {
            "arn": "arn:aws:ec2:eu-central-1:556789602792:subnet/subnet-0f5aa38b1e81b3e31",
            "assign_ipv6_address_on_creation": false,
            "availability_zone": "eu-central-1a",
            "availability_zone_id": "euc1-az2",
            "cidr_block": "172.16.3.0/24",
            "id": "subnet-0f5aa38b1e81b3e31",
            "ipv6_cidr_block": "",
            "ipv6_cidr_block_association_id": "",
            "map_public_ip_on_launch": false,
            "outpost_arn": "",
            "owner_id": "556789602792",
            "tags": {
              "Name": "staging-stuff-1"
            },
            "timeouts": null,
            "vpc_id": "vpc-05f3872994c43d14b"
          },
          "private": "eyJlMmJmYjczMC1lY2FhLTExZTYtOGY4OC0zNDM2M2JjN2M0YzAiOnsiY3JlYXRlIjo2MDAwMDAwMDAwMDAsImRlbGV0ZSI6MTIwMDAwMDAwMDAwMH0sInNjaGVtYV92ZXJzaW9uIjoiMSJ9",
          "dependencies": [
            "module.vpc-staging.aws_vpc.main"
          ]
        },
        {
          "index_key": 1,
          "schema_version": 1,
          "attributes": {
            "arn": "arn:aws:ec2:eu-central-1:556789602792:subnet/subnet-00566a5463063e1f8",
            "assign_ipv6_address_on_creation": false,
            "availability_zone": "eu-central-1b",
            "availability_zone_id": "euc1-az3",
            "cidr_block": "172.16.13.0/24",
            "id": "subnet-00566a5463063e1f8",
            "ipv6_cidr_block": "",
            "ipv6_cidr_block_association_id": "",
            "map_public_ip_on_launch": false,
            "outpost_arn": "",
            "owner_id": "556789602792",
            "tags": {
              "Name": "staging-stuff-2"
            },
            "timeouts": null,
            "vpc_id": "vpc-05f3872994c43d14b"
          },
          "private": "eyJlMmJmYjczMC1lY2FhLTExZTYtOGY4OC0zNDM2M2JjN2M0YzAiOnsiY3JlYXRlIjo2MDAwMDAwMDAwMDAsImRlbGV0ZSI6MTIwMDAwMDAwMDAwMH0sInNjaGVtYV92ZXJzaW9uIjoiMSJ9",
          "dependencies": [
            "module.vpc-staging.aws_vpc.main"
          ]
        }
      ]
    },
    {
      "module": "module.vpc-staging",
      "mode": "managed",
      "type": "aws_subnet",
      "name": "stuff-routed",
      "each": "list",
      "provider": "provider.aws",
      "instances": [
        {
          "index_key": 0,
          "schema_version": 1,
          "attributes": {
            "arn": "arn:aws:ec2:eu-central-1:556789602792:subnet/subnet-04f2a91f2835ed9d8",
            "assign_ipv6_address_on_creation": false,
            "availability_zone": "eu-central-1a",
            "availability_zone_id": "euc1-az2",
            "cidr_block": "172.16.2.0/24",
            "id": "subnet-04f2a91f2835ed9d8",
            "ipv6_cidr_block": "",
            "ipv6_cidr_block_association_id": "",
            "map_public_ip_on_launch": false,
            "outpost_arn": "",
            "owner_id": "556789602792",
            "tags": {
              "Name": "staging-stuff_routed-1"
            },
            "timeouts": null,
            "vpc_id": "vpc-05f3872994c43d14b"
          },
          "private": "eyJlMmJmYjczMC1lY2FhLTExZTYtOGY4OC0zNDM2M2JjN2M0YzAiOnsiY3JlYXRlIjo2MDAwMDAwMDAwMDAsImRlbGV0ZSI6MTIwMDAwMDAwMDAwMH0sInNjaGVtYV92ZXJzaW9uIjoiMSJ9",
          "dependencies": [
            "module.vpc-staging.aws_vpc.main"
          ]
        },
        {
          "index_key": 1,
          "schema_version": 1,
          "attributes": {
            "arn": "arn:aws:ec2:eu-central-1:556789602792:subnet/subnet-098571b5d6a4ad7b6",
            "assign_ipv6_address_on_creation": false,
            "availability_zone": "eu-central-1b",
            "availability_zone_id": "euc1-az3",
            "cidr_block": "172.16.12.0/24",
            "id": "subnet-098571b5d6a4ad7b6",
            "ipv6_cidr_block": "",
            "ipv6_cidr_block_association_id": "",
            "map_public_ip_on_launch": false,
            "outpost_arn": "",
            "owner_id": "556789602792",
            "tags": {
              "Name": "staging-stuff_routed-2"
            },
            "timeouts": null,
            "vpc_id": "vpc-05f3872994c43d14b"
          },
          "private": "eyJlMmJmYjczMC1lY2FhLTExZTYtOGY4OC0zNDM2M2JjN2M0YzAiOnsiY3JlYXRlIjo2MDAwMDAwMDAwMDAsImRlbGV0ZSI6MTIwMDAwMDAwMDAwMH0sInNjaGVtYV92ZXJzaW9uIjoiMSJ9",
          "dependencies": [
            "module.vpc-staging.aws_vpc.main"
          ]
        }
      ]
    },
    {
      "module": "module.vpc-staging",
      "mode": "managed",
      "type": "aws_vpc",
      "name": "main",
      "provider": "provider.aws",
      "instances": [
        {
          "schema_version": 1,
          "attributes": {
            "arn": "arn:aws:ec2:eu-central-1:556789602792:vpc/vpc-05f3872994c43d14b",
            "assign_generated_ipv6_cidr_block": false,
            "cidr_block": "172.16.0.0/16",
            "default_network_acl_id": "acl-0e5e4b06eb3ac7438",
            "default_route_table_id": "rtb-0f76315185aec4858",
            "default_security_group_id": "sg-095d8bc4e759738e5",
            "dhcp_options_id": "dopt-118f337b",
            "enable_classiclink": null,
            "enable_classiclink_dns_support": null,
            "enable_dns_hostnames": false,
            "enable_dns_support": true,
            "id": "vpc-05f3872994c43d14b",
            "instance_tenancy": "default",
            "ipv6_association_id": "",
            "ipv6_cidr_block": "",
            "main_route_table_id": "rtb-0f76315185aec4858",
            "owner_id": "556789602792",
            "tags": {
              "Name": "staging-vpc"
            }
          },
          "private": "eyJzY2hlbWFfdmVyc2lvbiI6IjEifQ=="
        }
      ]
    }
  ]
}
