{
  "version": 4,
  "terraform_version": "0.12.25",
  "serial": 559,
  "lineage": "a0fe943c-dea7-eb32-d8c7-04dc58eb4af4",
  "outputs": {
    "account_id": {
      "value": "556789602792",
      "type": "string"
    },
    "aws_subnet_natted": {
      "value": [
        "subnet-042f7ac7d9f25a917",
        "subnet-0dc83a613cf2d59bc",
        "subnet-0780874ce4601248d"
      ],
      "type": [
        "tuple",
        [
          "string",
          "string",
          "string"
        ]
      ]
    },
    "bastion_aws_eip_eip_subnet_routed_public_dns": {
      "value": "ec2-18-193-201-40.eu-central-1.compute.amazonaws.com",
      "type": "string"
    },
    "region": {
      "value": "eu-central-1",
      "type": "string"
    },
    "web_loadbalancer_url": {
      "value": [
        "ELB-web-cluster-1-344484683.eu-central-1.elb.amazonaws.com",
        "ELB-web-cluster-2-1404844862.eu-central-1.elb.amazonaws.com",
        "ELB-web-cluster-3-1294424281.eu-central-1.elb.amazonaws.com"
      ],
      "type": [
        "tuple",
        [
          "string",
          "string",
          "string"
        ]
      ]
    }
  },
  "resources": [
    {
      "mode": "data",
      "type": "aws_ami",
      "name": "latest_ubuntu",
      "provider": "provider.aws",
      "instances": [
        {
          "schema_version": 0,
          "attributes": {
            "architecture": "x86_64",
            "arn": "arn:aws:ec2:eu-central-1::image/ami-09a4a23815cdb5e06",
            "block_device_mappings": [
              {
                "device_name": "/dev/sda1",
                "ebs": {
                  "delete_on_termination": "true",
                  "encrypted": "false",
                  "iops": "0",
                  "snapshot_id": "snap-029a366b4ef00c4c9",
                  "volume_size": "8",
                  "volume_type": "gp2"
                },
                "no_device": "",
                "virtual_name": ""
              },
              {
                "device_name": "/dev/sdb",
                "ebs": {},
                "no_device": "",
                "virtual_name": "ephemeral0"
              },
              {
                "device_name": "/dev/sdc",
                "ebs": {},
                "no_device": "",
                "virtual_name": "ephemeral1"
              }
            ],
            "creation_date": "2020-12-01T19:53:43.000Z",
            "description": "Canonical, Ubuntu, 18.04 LTS, amd64 bionic image build on 2020-12-01",
            "executable_users": null,
            "filter": [
              {
                "name": "name",
                "values": [
                  "ubuntu/images/hvm-ssd/ubuntu-bionic-18.04-amd64-server-*"
                ]
              }
            ],
            "hypervisor": "xen",
            "id": "ami-09a4a23815cdb5e06",
            "image_id": "ami-09a4a23815cdb5e06",
            "image_location": "099720109477/ubuntu/images/hvm-ssd/ubuntu-bionic-18.04-amd64-server-20201201",
            "image_owner_alias": null,
            "image_type": "machine",
            "kernel_id": null,
            "most_recent": true,
            "name": "ubuntu/images/hvm-ssd/ubuntu-bionic-18.04-amd64-server-20201201",
            "name_regex": null,
            "owner_id": "099720109477",
            "owners": [
              "099720109477"
            ],
            "platform": null,
            "product_codes": [],
            "public": true,
            "ramdisk_id": null,
            "root_device_name": "/dev/sda1",
            "root_device_type": "ebs",
            "root_snapshot_id": "snap-029a366b4ef00c4c9",
            "sriov_net_support": "simple",
            "state": "available",
            "state_reason": {
              "code": "UNSET",
              "message": "UNSET"
            },
            "tags": {},
            "virtualization_type": "hvm"
          }
        }
      ]
    },
    {
      "mode": "data",
      "type": "aws_availability_zones",
      "name": "working",
      "provider": "provider.aws",
      "instances": [
        {
          "schema_version": 0,
          "attributes": {
            "all_availability_zones": null,
            "exclude_names": null,
            "exclude_zone_ids": null,
            "filter": null,
            "group_names": [
              "eu-central-1"
            ],
            "id": "eu-central-1",
            "names": [
              "eu-central-1a",
              "eu-central-1b",
              "eu-central-1c"
            ],
            "state": null,
            "zone_ids": [
              "euc1-az2",
              "euc1-az3",
              "euc1-az1"
            ]
          }
        }
      ]
    },
    {
      "mode": "data",
      "type": "aws_caller_identity",
      "name": "current",
      "provider": "provider.aws",
      "instances": [
        {
          "schema_version": 0,
          "attributes": {
            "account_id": "556789602792",
            "arn": "arn:aws:iam::556789602792:user/tarasov-a",
            "id": "556789602792",
            "user_id": "AIDAYDIZ7DHUKAHWDVEDX"
          }
        }
      ]
    },
    {
      "mode": "managed",
      "type": "aws_autoscaling_group",
      "name": "datacluster",
      "each": "list",
      "provider": "provider.aws",
      "instances": [
        {
          "index_key": 0,
          "schema_version": 0,
          "attributes": {
            "arn": "arn:aws:autoscaling:eu-central-1:556789602792:autoScalingGroup:48bfb5d2-0a72-4b79-949a-b2fb5294253c:autoScalingGroupName/ASG-datacluster-LC-2020121008223898840000000120201210084303346400000003",
            "availability_zones": [
              "eu-central-1a"
            ],
            "capacity_rebalance": false,
            "default_cooldown": 300,
            "desired_capacity": 2,
            "enabled_metrics": [],
            "force_delete": false,
            "health_check_grace_period": 300,
            "health_check_type": "EC2",
            "id": "ASG-datacluster-LC-2020121008223898840000000120201210084303346400000003",
            "initial_lifecycle_hook": [],
            "launch_configuration": "datacluster-LC-20201210082238988400000001",
            "launch_template": [],
            "load_balancers": [],
            "max_instance_lifetime": 0,
            "max_size": 2,
            "metrics_granularity": "1Minute",
            "min_elb_capacity": null,
            "min_size": 2,
            "mixed_instances_policy": [],
            "name": "ASG-datacluster-LC-2020121008223898840000000120201210084303346400000003",
            "name_prefix": "ASG-datacluster-LC-20201210082238988400000001",
            "placement_group": "",
            "protect_from_scale_in": false,
            "service_linked_role_arn": "arn:aws:iam::556789602792:role/aws-service-role/autoscaling.amazonaws.com/AWSServiceRoleForAutoScaling",
            "suspended_processes": [],
            "tag": [],
            "tags": [
              {
                "key": "Name",
                "propagate_at_launch": "true",
                "value": "Instances-datacluster-LC-20201210082238988400000001"
              }
            ],
            "target_group_arns": [],
            "termination_policies": [],
            "timeouts": null,
            "vpc_zone_identifier": [
              "subnet-076536899b6213f7c"
            ],
            "wait_for_capacity_timeout": "10m",
            "wait_for_elb_capacity": null
          },
          "private": "eyJlMmJmYjczMC1lY2FhLTExZTYtOGY4OC0zNDM2M2JjN2M0YzAiOnsiZGVsZXRlIjo2MDAwMDAwMDAwMDB9fQ==",
          "dependencies": [
            "aws_launch_configuration.datacluster",
            "aws_subnet.stuff"
          ]
        },
        {
          "index_key": 1,
          "schema_version": 0,
          "attributes": {
            "arn": "arn:aws:autoscaling:eu-central-1:556789602792:autoScalingGroup:2ab4209b-fe16-44b2-8baf-820c8f85c1df:autoScalingGroupName/ASG-datacluster-LC-2020121008223898840000000120201210084303289000000001",
            "availability_zones": [
              "eu-central-1b"
            ],
            "capacity_rebalance": false,
            "default_cooldown": 300,
            "desired_capacity": 2,
            "enabled_metrics": [],
            "force_delete": false,
            "health_check_grace_period": 300,
            "health_check_type": "EC2",
            "id": "ASG-datacluster-LC-2020121008223898840000000120201210084303289000000001",
            "initial_lifecycle_hook": [],
            "launch_configuration": "datacluster-LC-20201210082238988400000001",
            "launch_template": [],
            "load_balancers": [],
            "max_instance_lifetime": 0,
            "max_size": 2,
            "metrics_granularity": "1Minute",
            "min_elb_capacity": null,
            "min_size": 2,
            "mixed_instances_policy": [],
            "name": "ASG-datacluster-LC-2020121008223898840000000120201210084303289000000001",
            "name_prefix": "ASG-datacluster-LC-20201210082238988400000001",
            "placement_group": "",
            "protect_from_scale_in": false,
            "service_linked_role_arn": "arn:aws:iam::556789602792:role/aws-service-role/autoscaling.amazonaws.com/AWSServiceRoleForAutoScaling",
            "suspended_processes": [],
            "tag": [],
            "tags": [
              {
                "key": "Name",
                "propagate_at_launch": "true",
                "value": "Instances-datacluster-LC-20201210082238988400000001"
              }
            ],
            "target_group_arns": [],
            "termination_policies": [],
            "timeouts": null,
            "vpc_zone_identifier": [
              "subnet-006850208dc2cfea2"
            ],
            "wait_for_capacity_timeout": "10m",
            "wait_for_elb_capacity": null
          },
          "private": "eyJlMmJmYjczMC1lY2FhLTExZTYtOGY4OC0zNDM2M2JjN2M0YzAiOnsiZGVsZXRlIjo2MDAwMDAwMDAwMDB9fQ==",
          "dependencies": [
            "aws_launch_configuration.datacluster",
            "aws_subnet.stuff"
          ]
        },
        {
          "index_key": 2,
          "schema_version": 0,
          "attributes": {
            "arn": "arn:aws:autoscaling:eu-central-1:556789602792:autoScalingGroup:ea296acf-98a0-4260-b416-a3da595474b6:autoScalingGroupName/ASG-datacluster-LC-2020121008223898840000000120201210084303329100000002",
            "availability_zones": [
              "eu-central-1c"
            ],
            "capacity_rebalance": false,
            "default_cooldown": 300,
            "desired_capacity": 2,
            "enabled_metrics": [],
            "force_delete": false,
            "health_check_grace_period": 300,
            "health_check_type": "EC2",
            "id": "ASG-datacluster-LC-2020121008223898840000000120201210084303329100000002",
            "initial_lifecycle_hook": [],
            "launch_configuration": "datacluster-LC-20201210082238988400000001",
            "launch_template": [],
            "load_balancers": [],
            "max_instance_lifetime": 0,
            "max_size": 2,
            "metrics_granularity": "1Minute",
            "min_elb_capacity": null,
            "min_size": 2,
            "mixed_instances_policy": [],
            "name": "ASG-datacluster-LC-2020121008223898840000000120201210084303329100000002",
            "name_prefix": "ASG-datacluster-LC-20201210082238988400000001",
            "placement_group": "",
            "protect_from_scale_in": false,
            "service_linked_role_arn": "arn:aws:iam::556789602792:role/aws-service-role/autoscaling.amazonaws.com/AWSServiceRoleForAutoScaling",
            "suspended_processes": [],
            "tag": [],
            "tags": [
              {
                "key": "Name",
                "propagate_at_launch": "true",
                "value": "Instances-datacluster-LC-20201210082238988400000001"
              }
            ],
            "target_group_arns": [],
            "termination_policies": [],
            "timeouts": null,
            "vpc_zone_identifier": [
              "subnet-09fd422e9803566c6"
            ],
            "wait_for_capacity_timeout": "10m",
            "wait_for_elb_capacity": null
          },
          "private": "eyJlMmJmYjczMC1lY2FhLTExZTYtOGY4OC0zNDM2M2JjN2M0YzAiOnsiZGVsZXRlIjo2MDAwMDAwMDAwMDB9fQ==",
          "dependencies": [
            "aws_launch_configuration.datacluster",
            "aws_subnet.stuff"
          ]
        }
      ]
    },
    {
      "mode": "managed",
      "type": "aws_autoscaling_group",
      "name": "manage_cluster",
      "each": "list",
      "provider": "provider.aws",
      "instances": [
        {
          "schema_version": 0,
          "attributes": {
            "arn": "arn:aws:autoscaling:eu-central-1:556789602792:autoScalingGroup:76853a72-7f94-4175-8fda-fb52ba6975d3:autoScalingGroupName/ASG-manage_cluster-LC-2020121008223909760000000220201210084303362000000005",
            "availability_zones": [
              "eu-central-1a",
              "eu-central-1b",
              "eu-central-1c"
            ],
            "capacity_rebalance": false,
            "default_cooldown": 300,
            "desired_capacity": 3,
            "enabled_metrics": [],
            "force_delete": false,
            "health_check_grace_period": 300,
            "health_check_type": "EC2",
            "id": "ASG-manage_cluster-LC-2020121008223909760000000220201210084303362000000005",
            "initial_lifecycle_hook": [],
            "launch_configuration": "manage_cluster-LC-20201210082239097600000002",
            "launch_template": [],
            "load_balancers": [],
            "max_instance_lifetime": 0,
            "max_size": 3,
            "metrics_granularity": "1Minute",
            "min_elb_capacity": null,
            "min_size": 3,
            "mixed_instances_policy": [],
            "name": "ASG-manage_cluster-LC-2020121008223909760000000220201210084303362000000005",
            "name_prefix": "ASG-manage_cluster-LC-20201210082239097600000002",
            "placement_group": "",
            "protect_from_scale_in": false,
            "service_linked_role_arn": "arn:aws:iam::556789602792:role/aws-service-role/autoscaling.amazonaws.com/AWSServiceRoleForAutoScaling",
            "suspended_processes": [],
            "tag": [],
            "tags": null,
            "target_group_arns": [],
            "termination_policies": [],
            "timeouts": null,
            "vpc_zone_identifier": [
              "subnet-042f7ac7d9f25a917",
              "subnet-0780874ce4601248d",
              "subnet-0dc83a613cf2d59bc"
            ],
            "wait_for_capacity_timeout": "10m",
            "wait_for_elb_capacity": null
          },
          "private": "eyJlMmJmYjczMC1lY2FhLTExZTYtOGY4OC0zNDM2M2JjN2M0YzAiOnsiZGVsZXRlIjo2MDAwMDAwMDAwMDB9fQ==",
          "dependencies": [
            "aws_launch_configuration.manage_cluster",
            "aws_subnet.natted"
          ]
        }
      ]
    },
    {
      "mode": "managed",
      "type": "aws_autoscaling_group",
      "name": "web",
      "each": "list",
      "provider": "provider.aws",
      "instances": [
        {
          "index_key": 0,
          "schema_version": 0,
          "attributes": {
            "arn": "arn:aws:autoscaling:eu-central-1:556789602792:autoScalingGroup:1b40f708-5abc-46d0-a083-8ea1fc30e678:autoScalingGroupName/ASG-web_cluster-LC-2020121008223911000000000320201210084303521600000009",
            "availability_zones": [
              "eu-central-1a"
            ],
            "capacity_rebalance": false,
            "default_cooldown": 300,
            "desired_capacity": 2,
            "enabled_metrics": [],
            "force_delete": false,
            "health_check_grace_period": 300,
            "health_check_type": "ELB",
            "id": "ASG-web_cluster-LC-2020121008223911000000000320201210084303521600000009",
            "initial_lifecycle_hook": [],
            "launch_configuration": "web_cluster-LC-20201210082239110000000003",
            "launch_template": [],
            "load_balancers": [
              "ELB-web-cluster-1"
            ],
            "max_instance_lifetime": 0,
            "max_size": 2,
            "metrics_granularity": "1Minute",
            "min_elb_capacity": 2,
            "min_size": 2,
            "mixed_instances_policy": [],
            "name": "ASG-web_cluster-LC-2020121008223911000000000320201210084303521600000009",
            "name_prefix": "ASG-web_cluster-LC-20201210082239110000000003",
            "placement_group": "",
            "protect_from_scale_in": false,
            "service_linked_role_arn": "arn:aws:iam::556789602792:role/aws-service-role/autoscaling.amazonaws.com/AWSServiceRoleForAutoScaling",
            "suspended_processes": [],
            "tag": [],
            "tags": null,
            "target_group_arns": [],
            "termination_policies": [],
            "timeouts": null,
            "vpc_zone_identifier": [
              "subnet-042f7ac7d9f25a917"
            ],
            "wait_for_capacity_timeout": "10m",
            "wait_for_elb_capacity": null
          },
          "private": "eyJlMmJmYjczMC1lY2FhLTExZTYtOGY4OC0zNDM2M2JjN2M0YzAiOnsiZGVsZXRlIjo2MDAwMDAwMDAwMDB9fQ==",
          "dependencies": [
            "aws_elb.web",
            "aws_launch_configuration.web_cluster",
            "aws_subnet.natted",
            "aws_subnet.routed"
          ]
        },
        {
          "index_key": 1,
          "schema_version": 0,
          "attributes": {
            "arn": "arn:aws:autoscaling:eu-central-1:556789602792:autoScalingGroup:ddca60fc-5863-43a6-9f7c-3943154d9610:autoScalingGroupName/ASG-web_cluster-LC-2020121008223911000000000320201210084303376900000007",
            "availability_zones": [
              "eu-central-1b"
            ],
            "capacity_rebalance": false,
            "default_cooldown": 300,
            "desired_capacity": 2,
            "enabled_metrics": [],
            "force_delete": false,
            "health_check_grace_period": 300,
            "health_check_type": "ELB",
            "id": "ASG-web_cluster-LC-2020121008223911000000000320201210084303376900000007",
            "initial_lifecycle_hook": [],
            "launch_configuration": "web_cluster-LC-20201210082239110000000003",
            "launch_template": [],
            "load_balancers": [
              "ELB-web-cluster-2"
            ],
            "max_instance_lifetime": 0,
            "max_size": 2,
            "metrics_granularity": "1Minute",
            "min_elb_capacity": 2,
            "min_size": 2,
            "mixed_instances_policy": [],
            "name": "ASG-web_cluster-LC-2020121008223911000000000320201210084303376900000007",
            "name_prefix": "ASG-web_cluster-LC-20201210082239110000000003",
            "placement_group": "",
            "protect_from_scale_in": false,
            "service_linked_role_arn": "arn:aws:iam::556789602792:role/aws-service-role/autoscaling.amazonaws.com/AWSServiceRoleForAutoScaling",
            "suspended_processes": [],
            "tag": [],
            "tags": null,
            "target_group_arns": [],
            "termination_policies": [],
            "timeouts": null,
            "vpc_zone_identifier": [
              "subnet-0dc83a613cf2d59bc"
            ],
            "wait_for_capacity_timeout": "10m",
            "wait_for_elb_capacity": null
          },
          "private": "eyJlMmJmYjczMC1lY2FhLTExZTYtOGY4OC0zNDM2M2JjN2M0YzAiOnsiZGVsZXRlIjo2MDAwMDAwMDAwMDB9fQ==",
          "dependencies": [
            "aws_elb.web",
            "aws_launch_configuration.web_cluster",
            "aws_subnet.natted",
            "aws_subnet.routed"
          ]
        },
        {
          "index_key": 2,
          "schema_version": 0,
          "attributes": {
            "arn": "arn:aws:autoscaling:eu-central-1:556789602792:autoScalingGroup:25028cf9-b1c0-4ea0-8f0f-0469c909d0c6:autoScalingGroupName/ASG-web_cluster-LC-2020121008223911000000000320201210084303355800000004",
            "availability_zones": [
              "eu-central-1c"
            ],
            "capacity_rebalance": false,
            "default_cooldown": 300,
            "desired_capacity": 2,
            "enabled_metrics": [],
            "force_delete": false,
            "health_check_grace_period": 300,
            "health_check_type": "ELB",
            "id": "ASG-web_cluster-LC-2020121008223911000000000320201210084303355800000004",
            "initial_lifecycle_hook": [],
            "launch_configuration": "web_cluster-LC-20201210082239110000000003",
            "launch_template": [],
            "load_balancers": [
              "ELB-web-cluster-3"
            ],
            "max_instance_lifetime": 0,
            "max_size": 2,
            "metrics_granularity": "1Minute",
            "min_elb_capacity": 2,
            "min_size": 2,
            "mixed_instances_policy": [],
            "name": "ASG-web_cluster-LC-2020121008223911000000000320201210084303355800000004",
            "name_prefix": "ASG-web_cluster-LC-20201210082239110000000003",
            "placement_group": "",
            "protect_from_scale_in": false,
            "service_linked_role_arn": "arn:aws:iam::556789602792:role/aws-service-role/autoscaling.amazonaws.com/AWSServiceRoleForAutoScaling",
            "suspended_processes": [],
            "tag": [],
            "tags": null,
            "target_group_arns": [],
            "termination_policies": [],
            "timeouts": null,
            "vpc_zone_identifier": [
              "subnet-0780874ce4601248d"
            ],
            "wait_for_capacity_timeout": "10m",
            "wait_for_elb_capacity": null
          },
          "private": "eyJlMmJmYjczMC1lY2FhLTExZTYtOGY4OC0zNDM2M2JjN2M0YzAiOnsiZGVsZXRlIjo2MDAwMDAwMDAwMDB9fQ==",
          "dependencies": [
            "aws_elb.web",
            "aws_launch_configuration.web_cluster",
            "aws_subnet.natted",
            "aws_subnet.routed"
          ]
        }
      ]
    },
    {
      "mode": "managed",
      "type": "aws_eip",
      "name": "eip_subnet_routed",
      "provider": "provider.aws",
      "instances": [
        {
          "schema_version": 0,
          "attributes": {
            "allocation_id": null,
            "associate_with_private_ip": null,
            "association_id": "eipassoc-0e05bdb6461657a86",
            "customer_owned_ip": "",
            "customer_owned_ipv4_pool": "",
            "domain": "vpc",
            "id": "eipalloc-03efe688642fb8870",
            "instance": "i-0e1c0e1645f4d9b6a",
            "network_border_group": "eu-central-1",
            "network_interface": "eni-0a6e157c2eab88f98",
            "private_dns": "ip-172-16-1-76.eu-central-1.compute.internal",
            "private_ip": "172.16.1.76",
            "public_dns": "ec2-18-193-201-40.eu-central-1.compute.amazonaws.com",
            "public_ip": "18.193.201.40",
            "public_ipv4_pool": "amazon",
            "tags": {},
            "timeouts": null,
            "vpc": true
          },
          "private": "eyJlMmJmYjczMC1lY2FhLTExZTYtOGY4OC0zNDM2M2JjN2M0YzAiOnsiZGVsZXRlIjoxODAwMDAwMDAwMDAsInJlYWQiOjkwMDAwMDAwMDAwMCwidXBkYXRlIjozMDAwMDAwMDAwMDB9fQ==",
          "dependencies": [
            "aws_instance.my_webserver",
            "aws_security_group.web",
            "aws_subnet.routed",
            "aws_vpc.main"
          ]
        }
      ]
    },
    {
      "mode": "managed",
      "type": "aws_eip",
      "name": "eip_subnet_routed-stuff",
      "each": "list",
      "provider": "provider.aws",
      "instances": [
        {
          "index_key": 0,
          "schema_version": 0,
          "attributes": {
            "allocation_id": null,
            "associate_with_private_ip": null,
            "association_id": "eipassoc-0687d60a50f359aad",
            "customer_owned_ip": "",
            "customer_owned_ipv4_pool": "",
            "domain": "vpc",
            "id": "eipalloc-0d94a7f36c17e7944",
            "instance": "",
            "network_border_group": "eu-central-1",
            "network_interface": "eni-0c634074e3d5bca7e",
            "private_dns": "ip-172-16-2-201.eu-central-1.compute.internal",
            "private_ip": "172.16.2.201",
            "public_dns": "ec2-18-192-102-243.eu-central-1.compute.amazonaws.com",
            "public_ip": "18.192.102.243",
            "public_ipv4_pool": "amazon",
            "tags": {},
            "timeouts": null,
            "vpc": true
          },
          "private": "eyJlMmJmYjczMC1lY2FhLTExZTYtOGY4OC0zNDM2M2JjN2M0YzAiOnsiZGVsZXRlIjoxODAwMDAwMDAwMDAsInJlYWQiOjkwMDAwMDAwMDAwMCwidXBkYXRlIjozMDAwMDAwMDAwMDB9fQ==",
          "dependencies": [
            "aws_subnet.stuff-routed",
            "aws_vpc.main"
          ]
        },
        {
          "index_key": 1,
          "schema_version": 0,
          "attributes": {
            "allocation_id": null,
            "associate_with_private_ip": null,
            "association_id": "eipassoc-057b20e0ecf3e488a",
            "customer_owned_ip": "",
            "customer_owned_ipv4_pool": "",
            "domain": "vpc",
            "id": "eipalloc-0cd546d501f018b97",
            "instance": "",
            "network_border_group": "eu-central-1",
            "network_interface": "eni-038de80ee1bfe8ff0",
            "private_dns": "ip-172-16-12-54.eu-central-1.compute.internal",
            "private_ip": "172.16.12.54",
            "public_dns": "ec2-18-198-94-186.eu-central-1.compute.amazonaws.com",
            "public_ip": "18.198.94.186",
            "public_ipv4_pool": "amazon",
            "tags": {},
            "timeouts": null,
            "vpc": true
          },
          "private": "eyJlMmJmYjczMC1lY2FhLTExZTYtOGY4OC0zNDM2M2JjN2M0YzAiOnsiZGVsZXRlIjoxODAwMDAwMDAwMDAsInJlYWQiOjkwMDAwMDAwMDAwMCwidXBkYXRlIjozMDAwMDAwMDAwMDB9fQ==",
          "dependencies": [
            "aws_subnet.stuff-routed",
            "aws_vpc.main"
          ]
        },
        {
          "index_key": 2,
          "schema_version": 0,
          "attributes": {
            "allocation_id": null,
            "associate_with_private_ip": null,
            "association_id": "eipassoc-0e81269cb2beb3b82",
            "customer_owned_ip": "",
            "customer_owned_ipv4_pool": "",
            "domain": "vpc",
            "id": "eipalloc-0872b237db413e7e3",
            "instance": "",
            "network_border_group": "eu-central-1",
            "network_interface": "eni-016843d6737fdacb9",
            "private_dns": "ip-172-16-22-66.eu-central-1.compute.internal",
            "private_ip": "172.16.22.66",
            "public_dns": "ec2-18-159-116-124.eu-central-1.compute.amazonaws.com",
            "public_ip": "18.159.116.124",
            "public_ipv4_pool": "amazon",
            "tags": {},
            "timeouts": null,
            "vpc": true
          },
          "private": "eyJlMmJmYjczMC1lY2FhLTExZTYtOGY4OC0zNDM2M2JjN2M0YzAiOnsiZGVsZXRlIjoxODAwMDAwMDAwMDAsInJlYWQiOjkwMDAwMDAwMDAwMCwidXBkYXRlIjozMDAwMDAwMDAwMDB9fQ==",
          "dependencies": [
            "aws_subnet.stuff-routed",
            "aws_vpc.main"
          ]
        }
      ]
    },
    {
      "mode": "managed",
      "type": "aws_elb",
      "name": "web",
      "each": "list",
      "provider": "provider.aws",
      "instances": [
        {
          "index_key": 0,
          "schema_version": 0,
          "attributes": {
            "access_logs": [],
            "arn": "arn:aws:elasticloadbalancing:eu-central-1:556789602792:loadbalancer/ELB-web-cluster-1",
            "availability_zones": [
              "eu-central-1a"
            ],
            "connection_draining": false,
            "connection_draining_timeout": 300,
            "cross_zone_load_balancing": true,
            "dns_name": "ELB-web-cluster-1-344484683.eu-central-1.elb.amazonaws.com",
            "health_check": [
              {
                "healthy_threshold": 2,
                "interval": 10,
                "target": "HTTP:80/",
                "timeout": 3,
                "unhealthy_threshold": 2
              }
            ],
            "id": "ELB-web-cluster-1",
            "idle_timeout": 60,
            "instances": [
              "i-0197439dc412c2bcb",
              "i-05bd9c33a514460a7"
            ],
            "internal": false,
            "listener": [
              {
                "instance_port": 80,
                "instance_protocol": "http",
                "lb_port": 80,
                "lb_protocol": "http",
                "ssl_certificate_id": ""
              }
            ],
            "name": "ELB-web-cluster-1",
            "name_prefix": null,
            "security_groups": [
              "sg-035cba8cac3c49258"
            ],
            "source_security_group": "556789602792/WebServer Security Group",
            "source_security_group_id": "sg-035cba8cac3c49258",
            "subnets": [
              "subnet-0f736fc3d6a7814ca"
            ],
            "tags": {
              "Name": "Test"
            },
            "zone_id": "Z215JYRZR1TBD5"
          },
          "private": "bnVsbA==",
          "dependencies": [
            "aws_security_group.web",
            "aws_subnet.routed"
          ]
        },
        {
          "index_key": 1,
          "schema_version": 0,
          "attributes": {
            "access_logs": [],
            "arn": "arn:aws:elasticloadbalancing:eu-central-1:556789602792:loadbalancer/ELB-web-cluster-2",
            "availability_zones": [
              "eu-central-1b"
            ],
            "connection_draining": false,
            "connection_draining_timeout": 300,
            "cross_zone_load_balancing": true,
            "dns_name": "ELB-web-cluster-2-1404844862.eu-central-1.elb.amazonaws.com",
            "health_check": [
              {
                "healthy_threshold": 2,
                "interval": 10,
                "target": "HTTP:80/",
                "timeout": 3,
                "unhealthy_threshold": 2
              }
            ],
            "id": "ELB-web-cluster-2",
            "idle_timeout": 60,
            "instances": [
              "i-0012a6cd5e9ca2cb8",
              "i-091d100364304a40d"
            ],
            "internal": false,
            "listener": [
              {
                "instance_port": 80,
                "instance_protocol": "http",
                "lb_port": 80,
                "lb_protocol": "http",
                "ssl_certificate_id": ""
              }
            ],
            "name": "ELB-web-cluster-2",
            "name_prefix": null,
            "security_groups": [
              "sg-035cba8cac3c49258"
            ],
            "source_security_group": "556789602792/WebServer Security Group",
            "source_security_group_id": "sg-035cba8cac3c49258",
            "subnets": [
              "subnet-0b3083d5728e5404e"
            ],
            "tags": {
              "Name": "Test"
            },
            "zone_id": "Z215JYRZR1TBD5"
          },
          "private": "bnVsbA==",
          "dependencies": [
            "aws_security_group.web",
            "aws_subnet.routed"
          ]
        },
        {
          "index_key": 2,
          "schema_version": 0,
          "attributes": {
            "access_logs": [],
            "arn": "arn:aws:elasticloadbalancing:eu-central-1:556789602792:loadbalancer/ELB-web-cluster-3",
            "availability_zones": [
              "eu-central-1c"
            ],
            "connection_draining": false,
            "connection_draining_timeout": 300,
            "cross_zone_load_balancing": true,
            "dns_name": "ELB-web-cluster-3-1294424281.eu-central-1.elb.amazonaws.com",
            "health_check": [
              {
                "healthy_threshold": 2,
                "interval": 10,
                "target": "HTTP:80/",
                "timeout": 3,
                "unhealthy_threshold": 2
              }
            ],
            "id": "ELB-web-cluster-3",
            "idle_timeout": 60,
            "instances": [
              "i-02d24f8c322d07499",
              "i-0691b214e8b211821"
            ],
            "internal": false,
            "listener": [
              {
                "instance_port": 80,
                "instance_protocol": "http",
                "lb_port": 80,
                "lb_protocol": "http",
                "ssl_certificate_id": ""
              }
            ],
            "name": "ELB-web-cluster-3",
            "name_prefix": null,
            "security_groups": [
              "sg-035cba8cac3c49258"
            ],
            "source_security_group": "556789602792/WebServer Security Group",
            "source_security_group_id": "sg-035cba8cac3c49258",
            "subnets": [
              "subnet-0f430621bc61e93c3"
            ],
            "tags": {
              "Name": "Test"
            },
            "zone_id": "Z215JYRZR1TBD5"
          },
          "private": "bnVsbA==",
          "dependencies": [
            "aws_security_group.web",
            "aws_subnet.routed"
          ]
        }
      ]
    },
    {
      "mode": "managed",
      "type": "aws_instance",
      "name": "my_webserver",
      "provider": "provider.aws",
      "instances": [
        {
          "schema_version": 1,
          "attributes": {
            "ami": "ami-09a4a23815cdb5e06",
            "arn": "arn:aws:ec2:eu-central-1:556789602792:instance/i-0e1c0e1645f4d9b6a",
            "associate_public_ip_address": true,
            "availability_zone": "eu-central-1a",
            "cpu_core_count": 1,
            "cpu_threads_per_core": 1,
            "credit_specification": [
              {
                "cpu_credits": "standard"
              }
            ],
            "disable_api_termination": false,
            "ebs_block_device": [],
            "ebs_optimized": false,
            "ephemeral_block_device": [],
            "get_password_data": false,
            "hibernation": false,
            "host_id": null,
            "iam_instance_profile": "",
            "id": "i-0e1c0e1645f4d9b6a",
            "instance_initiated_shutdown_behavior": null,
            "instance_state": "running",
            "instance_type": "t2.micro",
            "ipv6_address_count": 0,
            "ipv6_addresses": [],
            "key_name": "",
            "metadata_options": [
              {
                "http_endpoint": "enabled",
                "http_put_response_hop_limit": 1,
                "http_tokens": "optional"
              }
            ],
            "monitoring": false,
            "network_interface": [],
            "outpost_arn": "",
            "password_data": "",
            "placement_group": "",
            "primary_network_interface_id": "eni-0a6e157c2eab88f98",
            "private_dns": "ip-172-16-1-76.eu-central-1.compute.internal",
            "private_ip": "172.16.1.76",
            "public_dns": "",
            "public_ip": "18.193.201.40",
            "root_block_device": [
              {
                "delete_on_termination": true,
                "device_name": "/dev/sda1",
                "encrypted": false,
                "iops": 100,
                "kms_key_id": "",
                "volume_id": "vol-015377336eba2469f",
                "volume_size": 8,
                "volume_type": "gp2"
              }
            ],
            "secondary_private_ips": [],
            "security_groups": [],
            "source_dest_check": true,
            "subnet_id": "subnet-0f736fc3d6a7814ca",
            "tags": {
              "Name": "test"
            },
            "tenancy": "default",
            "timeouts": null,
            "user_data": "6eb3500009215cc98948d196cce11ce0bf112081",
            "user_data_base64": null,
            "volume_tags": {},
            "vpc_security_group_ids": [
              "sg-035cba8cac3c49258"
            ]
          },
          "private": "eyJlMmJmYjczMC1lY2FhLTExZTYtOGY4OC0zNDM2M2JjN2M0YzAiOnsiY3JlYXRlIjo2MDAwMDAwMDAwMDAsImRlbGV0ZSI6MTIwMDAwMDAwMDAwMCwidXBkYXRlIjo2MDAwMDAwMDAwMDB9LCJzY2hlbWFfdmVyc2lvbiI6IjEifQ==",
          "dependencies": [
            "aws_security_group.web",
            "aws_subnet.routed",
            "aws_vpc.main"
          ]
        }
      ]
    },
    {
      "mode": "managed",
      "type": "aws_internet_gateway",
      "name": "gw",
      "provider": "provider.aws",
      "instances": [
        {
          "schema_version": 0,
          "attributes": {
            "arn": "arn:aws:ec2:eu-central-1:556789602792:internet-gateway/igw-04fa097d4944c8dad",
            "id": "igw-04fa097d4944c8dad",
            "owner_id": "556789602792",
            "tags": {
              "Name": "main"
            },
            "vpc_id": "vpc-0c05409dee3ede86e"
          },
          "private": "bnVsbA==",
          "dependencies": [
            "aws_vpc.main"
          ]
        }
      ]
    },
    {
      "mode": "managed",
      "type": "aws_launch_configuration",
      "name": "datacluster",
      "provider": "provider.aws",
      "instances": [
        {
          "schema_version": 0,
          "attributes": {
            "arn": "arn:aws:autoscaling:eu-central-1:556789602792:launchConfiguration:a614bab3-9d2c-4379-99ea-158b378c4f50:launchConfigurationName/datacluster-LC-20201210082238988400000001",
            "associate_public_ip_address": false,
            "ebs_block_device": [],
            "ebs_optimized": false,
            "enable_monitoring": true,
            "ephemeral_block_device": [],
            "iam_instance_profile": "",
            "id": "datacluster-LC-20201210082238988400000001",
            "image_id": "ami-09a4a23815cdb5e06",
            "instance_type": "t2.micro",
            "key_name": "",
            "name": "datacluster-LC-20201210082238988400000001",
            "name_prefix": "datacluster-LC-",
            "placement_tenancy": null,
            "root_block_device": [],
            "security_groups": [
              "sg-035cba8cac3c49258"
            ],
            "spot_price": "",
            "user_data": "6eb3500009215cc98948d196cce11ce0bf112081",
            "user_data_base64": null,
            "vpc_classic_link_id": "",
            "vpc_classic_link_security_groups": []
          },
          "private": "bnVsbA==",
          "dependencies": [
            "aws_security_group.web",
            "aws_vpc.main"
          ]
        }
      ]
    },
    {
      "mode": "managed",
      "type": "aws_launch_configuration",
      "name": "manage_cluster",
      "provider": "provider.aws",
      "instances": [
        {
          "schema_version": 0,
          "attributes": {
            "arn": "arn:aws:autoscaling:eu-central-1:556789602792:launchConfiguration:0a2b4a64-1626-4535-896a-c2252c547ac7:launchConfigurationName/manage_cluster-LC-20201210082239097600000002",
            "associate_public_ip_address": false,
            "ebs_block_device": [],
            "ebs_optimized": false,
            "enable_monitoring": true,
            "ephemeral_block_device": [],
            "iam_instance_profile": "",
            "id": "manage_cluster-LC-20201210082239097600000002",
            "image_id": "ami-09a4a23815cdb5e06",
            "instance_type": "t2.micro",
            "key_name": "",
            "name": "manage_cluster-LC-20201210082239097600000002",
            "name_prefix": "manage_cluster-LC-",
            "placement_tenancy": null,
            "root_block_device": [],
            "security_groups": [
              "sg-035cba8cac3c49258"
            ],
            "spot_price": "",
            "user_data": "6eb3500009215cc98948d196cce11ce0bf112081",
            "user_data_base64": null,
            "vpc_classic_link_id": "",
            "vpc_classic_link_security_groups": []
          },
          "private": "bnVsbA==",
          "dependencies": [
            "aws_security_group.web",
            "aws_vpc.main"
          ]
        }
      ]
    },
    {
      "mode": "managed",
      "type": "aws_launch_configuration",
      "name": "web_cluster",
      "provider": "provider.aws",
      "instances": [
        {
          "schema_version": 0,
          "attributes": {
            "arn": "arn:aws:autoscaling:eu-central-1:556789602792:launchConfiguration:a0f0ddb0-4e19-4ff7-8513-963b458be76f:launchConfigurationName/web_cluster-LC-20201210082239110000000003",
            "associate_public_ip_address": false,
            "ebs_block_device": [],
            "ebs_optimized": false,
            "enable_monitoring": true,
            "ephemeral_block_device": [],
            "iam_instance_profile": "",
            "id": "web_cluster-LC-20201210082239110000000003",
            "image_id": "ami-09a4a23815cdb5e06",
            "instance_type": "t2.micro",
            "key_name": "",
            "name": "web_cluster-LC-20201210082239110000000003",
            "name_prefix": "web_cluster-LC-",
            "placement_tenancy": null,
            "root_block_device": [],
            "security_groups": [
              "sg-035cba8cac3c49258"
            ],
            "spot_price": "",
            "user_data": "6eb3500009215cc98948d196cce11ce0bf112081",
            "user_data_base64": null,
            "vpc_classic_link_id": "",
            "vpc_classic_link_security_groups": []
          },
          "private": "bnVsbA==",
          "dependencies": [
            "aws_security_group.web",
            "aws_vpc.main"
          ]
        }
      ]
    },
    {
      "mode": "managed",
      "type": "aws_nat_gateway",
      "name": "gw",
      "each": "list",
      "provider": "provider.aws",
      "instances": [
        {
          "index_key": 0,
          "schema_version": 0,
          "attributes": {
            "allocation_id": "eipalloc-0d94a7f36c17e7944",
            "id": "nat-03c33af20e3bf0062",
            "network_interface_id": "eni-0c634074e3d5bca7e",
            "private_ip": "172.16.2.201",
            "public_ip": "18.192.102.243",
            "subnet_id": "subnet-03ebbade6e9cc9932",
            "tags": {
              "Name": "test"
            }
          },
          "private": "bnVsbA==",
          "dependencies": [
            "aws_eip.eip_subnet_routed-stuff",
            "aws_subnet.stuff-routed",
            "aws_vpc.main"
          ]
        },
        {
          "index_key": 1,
          "schema_version": 0,
          "attributes": {
            "allocation_id": "eipalloc-0cd546d501f018b97",
            "id": "nat-0a25687ed1eddea6f",
            "network_interface_id": "eni-038de80ee1bfe8ff0",
            "private_ip": "172.16.12.54",
            "public_ip": "18.198.94.186",
            "subnet_id": "subnet-0ff387db3e9f22316",
            "tags": {
              "Name": "test"
            }
          },
          "private": "bnVsbA==",
          "dependencies": [
            "aws_eip.eip_subnet_routed-stuff",
            "aws_subnet.stuff-routed",
            "aws_vpc.main"
          ]
        },
        {
          "index_key": 2,
          "schema_version": 0,
          "attributes": {
            "allocation_id": "eipalloc-0872b237db413e7e3",
            "id": "nat-07d3c795c1f9eda15",
            "network_interface_id": "eni-016843d6737fdacb9",
            "private_ip": "172.16.22.66",
            "public_ip": "18.159.116.124",
            "subnet_id": "subnet-05886c3cdab416f7b",
            "tags": {
              "Name": "test"
            }
          },
          "private": "bnVsbA==",
          "dependencies": [
            "aws_eip.eip_subnet_routed-stuff",
            "aws_subnet.stuff-routed",
            "aws_vpc.main"
          ]
        }
      ]
    },
    {
      "mode": "managed",
      "type": "aws_route_table",
      "name": "rt_natted",
      "each": "list",
      "provider": "provider.aws",
      "instances": [
        {
          "index_key": 0,
          "schema_version": 0,
          "attributes": {
            "id": "rtb-01453141bde52312b",
            "owner_id": "556789602792",
            "propagating_vgws": [],
            "route": [
              {
                "cidr_block": "0.0.0.0/0",
                "egress_only_gateway_id": "",
                "gateway_id": "",
                "instance_id": "",
                "ipv6_cidr_block": "",
                "local_gateway_id": "",
                "nat_gateway_id": "nat-03c33af20e3bf0062",
                "network_interface_id": "",
                "transit_gateway_id": "",
                "vpc_endpoint_id": "",
                "vpc_peering_connection_id": ""
              }
            ],
            "tags": {
              "Name": "main"
            },
            "vpc_id": "vpc-0c05409dee3ede86e"
          },
          "private": "bnVsbA==",
          "dependencies": [
            "aws_eip.eip_subnet_routed-stuff",
            "aws_nat_gateway.gw",
            "aws_subnet.stuff-routed",
            "aws_vpc.main"
          ]
        },
        {
          "index_key": 1,
          "schema_version": 0,
          "attributes": {
            "id": "rtb-0e249ce30d7d55125",
            "owner_id": "556789602792",
            "propagating_vgws": [],
            "route": [
              {
                "cidr_block": "0.0.0.0/0",
                "egress_only_gateway_id": "",
                "gateway_id": "",
                "instance_id": "",
                "ipv6_cidr_block": "",
                "local_gateway_id": "",
                "nat_gateway_id": "nat-0a25687ed1eddea6f",
                "network_interface_id": "",
                "transit_gateway_id": "",
                "vpc_endpoint_id": "",
                "vpc_peering_connection_id": ""
              }
            ],
            "tags": {
              "Name": "main"
            },
            "vpc_id": "vpc-0c05409dee3ede86e"
          },
          "private": "bnVsbA==",
          "dependencies": [
            "aws_eip.eip_subnet_routed-stuff",
            "aws_nat_gateway.gw",
            "aws_subnet.stuff-routed",
            "aws_vpc.main"
          ]
        },
        {
          "index_key": 2,
          "schema_version": 0,
          "attributes": {
            "id": "rtb-038dbfe19a2790d8b",
            "owner_id": "556789602792",
            "propagating_vgws": [],
            "route": [
              {
                "cidr_block": "0.0.0.0/0",
                "egress_only_gateway_id": "",
                "gateway_id": "",
                "instance_id": "",
                "ipv6_cidr_block": "",
                "local_gateway_id": "",
                "nat_gateway_id": "nat-07d3c795c1f9eda15",
                "network_interface_id": "",
                "transit_gateway_id": "",
                "vpc_endpoint_id": "",
                "vpc_peering_connection_id": ""
              }
            ],
            "tags": {
              "Name": "main"
            },
            "vpc_id": "vpc-0c05409dee3ede86e"
          },
          "private": "bnVsbA==",
          "dependencies": [
            "aws_eip.eip_subnet_routed-stuff",
            "aws_nat_gateway.gw",
            "aws_subnet.stuff-routed",
            "aws_vpc.main"
          ]
        }
      ]
    },
    {
      "mode": "managed",
      "type": "aws_route_table",
      "name": "rt_routed",
      "provider": "provider.aws",
      "instances": [
        {
          "schema_version": 0,
          "attributes": {
            "id": "rtb-09b85ff65b15a8ea7",
            "owner_id": "556789602792",
            "propagating_vgws": [],
            "route": [
              {
                "cidr_block": "0.0.0.0/0",
                "egress_only_gateway_id": "",
                "gateway_id": "igw-04fa097d4944c8dad",
                "instance_id": "",
                "ipv6_cidr_block": "",
                "local_gateway_id": "",
                "nat_gateway_id": "",
                "network_interface_id": "",
                "transit_gateway_id": "",
                "vpc_endpoint_id": "",
                "vpc_peering_connection_id": ""
              }
            ],
            "tags": {
              "Name": "main"
            },
            "vpc_id": "vpc-0c05409dee3ede86e"
          },
          "private": "bnVsbA==",
          "dependencies": [
            "aws_internet_gateway.gw",
            "aws_vpc.main"
          ]
        }
      ]
    },
    {
      "mode": "managed",
      "type": "aws_route_table",
      "name": "rt_stuff",
      "provider": "provider.aws",
      "instances": [
        {
          "schema_version": 0,
          "attributes": {
            "id": "rtb-0b3b53f2479c46495",
            "owner_id": "556789602792",
            "propagating_vgws": [],
            "route": [],
            "tags": {
              "Name": "rt_stuff"
            },
            "vpc_id": "vpc-0c05409dee3ede86e"
          },
          "private": "bnVsbA==",
          "dependencies": [
            "aws_vpc.main"
          ]
        }
      ]
    },
    {
      "mode": "managed",
      "type": "aws_route_table",
      "name": "rt_stuff-routed",
      "provider": "provider.aws",
      "instances": [
        {
          "schema_version": 0,
          "attributes": {
            "id": "rtb-0812135ee2a03795f",
            "owner_id": "556789602792",
            "propagating_vgws": [],
            "route": [
              {
                "cidr_block": "0.0.0.0/0",
                "egress_only_gateway_id": "",
                "gateway_id": "igw-04fa097d4944c8dad",
                "instance_id": "",
                "ipv6_cidr_block": "",
                "local_gateway_id": "",
                "nat_gateway_id": "",
                "network_interface_id": "",
                "transit_gateway_id": "",
                "vpc_endpoint_id": "",
                "vpc_peering_connection_id": ""
              }
            ],
            "tags": {
              "Name": "main"
            },
            "vpc_id": "vpc-0c05409dee3ede86e"
          },
          "private": "bnVsbA==",
          "dependencies": [
            "aws_internet_gateway.gw",
            "aws_vpc.main"
          ]
        }
      ]
    },
    {
      "mode": "managed",
      "type": "aws_route_table_association",
      "name": "natted",
      "each": "list",
      "provider": "provider.aws",
      "instances": [
        {
          "index_key": 0,
          "schema_version": 0,
          "attributes": {
            "gateway_id": null,
            "id": "rtbassoc-0a8e36f5ce9c4cc85",
            "route_table_id": "rtb-01453141bde52312b",
            "subnet_id": "subnet-042f7ac7d9f25a917"
          },
          "private": "bnVsbA==",
          "dependencies": [
            "aws_eip.eip_subnet_routed-stuff",
            "aws_nat_gateway.gw",
            "aws_route_table.rt_natted",
            "aws_subnet.natted",
            "aws_subnet.stuff-routed",
            "aws_vpc.main"
          ]
        },
        {
          "index_key": 1,
          "schema_version": 0,
          "attributes": {
            "gateway_id": null,
            "id": "rtbassoc-013d39caf21f8f298",
            "route_table_id": "rtb-0e249ce30d7d55125",
            "subnet_id": "subnet-0dc83a613cf2d59bc"
          },
          "private": "bnVsbA==",
          "dependencies": [
            "aws_eip.eip_subnet_routed-stuff",
            "aws_nat_gateway.gw",
            "aws_route_table.rt_natted",
            "aws_subnet.natted",
            "aws_subnet.stuff-routed",
            "aws_vpc.main"
          ]
        },
        {
          "index_key": 2,
          "schema_version": 0,
          "attributes": {
            "gateway_id": null,
            "id": "rtbassoc-042765bbb77514259",
            "route_table_id": "rtb-038dbfe19a2790d8b",
            "subnet_id": "subnet-0780874ce4601248d"
          },
          "private": "bnVsbA==",
          "dependencies": [
            "aws_eip.eip_subnet_routed-stuff",
            "aws_nat_gateway.gw",
            "aws_route_table.rt_natted",
            "aws_subnet.natted",
            "aws_subnet.stuff-routed",
            "aws_vpc.main"
          ]
        }
      ]
    },
    {
      "mode": "managed",
      "type": "aws_route_table_association",
      "name": "routed",
      "each": "list",
      "provider": "provider.aws",
      "instances": [
        {
          "index_key": 0,
          "schema_version": 0,
          "attributes": {
            "gateway_id": null,
            "id": "rtbassoc-013b13568bfb121e2",
            "route_table_id": "rtb-09b85ff65b15a8ea7",
            "subnet_id": "subnet-0f736fc3d6a7814ca"
          },
          "private": "bnVsbA==",
          "dependencies": [
            "aws_route_table.rt_routed",
            "aws_subnet.routed",
            "aws_vpc.main"
          ]
        },
        {
          "index_key": 1,
          "schema_version": 0,
          "attributes": {
            "gateway_id": null,
            "id": "rtbassoc-041a58ab99d95fc64",
            "route_table_id": "rtb-09b85ff65b15a8ea7",
            "subnet_id": "subnet-0b3083d5728e5404e"
          },
          "private": "bnVsbA==",
          "dependencies": [
            "aws_route_table.rt_routed",
            "aws_subnet.routed",
            "aws_vpc.main"
          ]
        },
        {
          "index_key": 2,
          "schema_version": 0,
          "attributes": {
            "gateway_id": null,
            "id": "rtbassoc-00543c76e2eda225f",
            "route_table_id": "rtb-09b85ff65b15a8ea7",
            "subnet_id": "subnet-0f430621bc61e93c3"
          },
          "private": "bnVsbA==",
          "dependencies": [
            "aws_route_table.rt_routed",
            "aws_subnet.routed",
            "aws_vpc.main"
          ]
        }
      ]
    },
    {
      "mode": "managed",
      "type": "aws_route_table_association",
      "name": "stuff",
      "each": "list",
      "provider": "provider.aws",
      "instances": [
        {
          "index_key": 0,
          "schema_version": 0,
          "attributes": {
            "gateway_id": null,
            "id": "rtbassoc-016389bb4dcc3d9d6",
            "route_table_id": "rtb-0b3b53f2479c46495",
            "subnet_id": "subnet-076536899b6213f7c"
          },
          "private": "bnVsbA==",
          "dependencies": [
            "aws_route_table.rt_stuff",
            "aws_subnet.stuff",
            "aws_vpc.main"
          ]
        },
        {
          "index_key": 1,
          "schema_version": 0,
          "attributes": {
            "gateway_id": null,
            "id": "rtbassoc-09f9175599d7b929c",
            "route_table_id": "rtb-0b3b53f2479c46495",
            "subnet_id": "subnet-006850208dc2cfea2"
          },
          "private": "bnVsbA==",
          "dependencies": [
            "aws_route_table.rt_stuff",
            "aws_subnet.stuff",
            "aws_vpc.main"
          ]
        },
        {
          "index_key": 2,
          "schema_version": 0,
          "attributes": {
            "gateway_id": null,
            "id": "rtbassoc-0abdf9e8f3414a6cf",
            "route_table_id": "rtb-0b3b53f2479c46495",
            "subnet_id": "subnet-09fd422e9803566c6"
          },
          "private": "bnVsbA==",
          "dependencies": [
            "aws_route_table.rt_stuff",
            "aws_subnet.stuff",
            "aws_vpc.main"
          ]
        }
      ]
    },
    {
      "mode": "managed",
      "type": "aws_route_table_association",
      "name": "stuff-routed",
      "each": "list",
      "provider": "provider.aws",
      "instances": [
        {
          "index_key": 0,
          "schema_version": 0,
          "attributes": {
            "gateway_id": null,
            "id": "rtbassoc-0e2aa744f6bbf5373",
            "route_table_id": "rtb-0812135ee2a03795f",
            "subnet_id": "subnet-03ebbade6e9cc9932"
          },
          "private": "bnVsbA==",
          "dependencies": [
            "aws_route_table.rt_stuff-routed",
            "aws_subnet.stuff-routed",
            "aws_vpc.main"
          ]
        },
        {
          "index_key": 1,
          "schema_version": 0,
          "attributes": {
            "gateway_id": null,
            "id": "rtbassoc-0f313a81bfde13251",
            "route_table_id": "rtb-0812135ee2a03795f",
            "subnet_id": "subnet-0ff387db3e9f22316"
          },
          "private": "bnVsbA==",
          "dependencies": [
            "aws_route_table.rt_stuff-routed",
            "aws_subnet.stuff-routed",
            "aws_vpc.main"
          ]
        },
        {
          "index_key": 2,
          "schema_version": 0,
          "attributes": {
            "gateway_id": null,
            "id": "rtbassoc-0fe5608af44e65963",
            "route_table_id": "rtb-0812135ee2a03795f",
            "subnet_id": "subnet-05886c3cdab416f7b"
          },
          "private": "bnVsbA==",
          "dependencies": [
            "aws_route_table.rt_stuff-routed",
            "aws_subnet.stuff-routed",
            "aws_vpc.main"
          ]
        }
      ]
    },
    {
      "mode": "managed",
      "type": "aws_security_group",
      "name": "web",
      "provider": "provider.aws",
      "instances": [
        {
          "schema_version": 1,
          "attributes": {
            "arn": "arn:aws:ec2:eu-central-1:556789602792:security-group/sg-035cba8cac3c49258",
            "description": "SecurityGroup for webservers 22, 80 and 443 open",
            "egress": [
              {
                "cidr_blocks": [
                  "0.0.0.0/0"
                ],
                "description": "",
                "from_port": 0,
                "ipv6_cidr_blocks": [],
                "prefix_list_ids": [],
                "protocol": "-1",
                "security_groups": [],
                "self": false,
                "to_port": 0
              }
            ],
            "id": "sg-035cba8cac3c49258",
            "ingress": [
              {
                "cidr_blocks": [
                  "0.0.0.0/0"
                ],
                "description": "",
                "from_port": 22,
                "ipv6_cidr_blocks": [],
                "prefix_list_ids": [],
                "protocol": "tcp",
                "security_groups": [],
                "self": false,
                "to_port": 22
              },
              {
                "cidr_blocks": [
                  "0.0.0.0/0"
                ],
                "description": "",
                "from_port": 443,
                "ipv6_cidr_blocks": [],
                "prefix_list_ids": [],
                "protocol": "tcp",
                "security_groups": [],
                "self": false,
                "to_port": 443
              },
              {
                "cidr_blocks": [
                  "0.0.0.0/0"
                ],
                "description": "",
                "from_port": 80,
                "ipv6_cidr_blocks": [],
                "prefix_list_ids": [],
                "protocol": "tcp",
                "security_groups": [],
                "self": false,
                "to_port": 80
              }
            ],
            "name": "WebServer Security Group",
            "name_prefix": "",
            "owner_id": "556789602792",
            "revoke_rules_on_delete": false,
            "tags": {
              "Name": "test"
            },
            "timeouts": null,
            "vpc_id": "vpc-0c05409dee3ede86e"
          },
          "private": "eyJlMmJmYjczMC1lY2FhLTExZTYtOGY4OC0zNDM2M2JjN2M0YzAiOnsiY3JlYXRlIjo2MDAwMDAwMDAwMDAsImRlbGV0ZSI6NjAwMDAwMDAwMDAwfSwic2NoZW1hX3ZlcnNpb24iOiIxIn0=",
          "dependencies": [
            "aws_vpc.main"
          ]
        }
      ]
    },
    {
      "mode": "managed",
      "type": "aws_subnet",
      "name": "natted",
      "each": "list",
      "provider": "provider.aws",
      "instances": [
        {
          "index_key": 0,
          "schema_version": 1,
          "attributes": {
            "arn": "arn:aws:ec2:eu-central-1:556789602792:subnet/subnet-042f7ac7d9f25a917",
            "assign_ipv6_address_on_creation": false,
            "availability_zone": "eu-central-1a",
            "availability_zone_id": "euc1-az2",
            "cidr_block": "172.16.0.0/24",
            "id": "subnet-042f7ac7d9f25a917",
            "ipv6_cidr_block": "",
            "ipv6_cidr_block_association_id": "",
            "map_public_ip_on_launch": false,
            "outpost_arn": "",
            "owner_id": "556789602792",
            "tags": {
              "Env": "testing",
              "Name": "Main"
            },
            "timeouts": null,
            "vpc_id": "vpc-0c05409dee3ede86e"
          },
          "private": "eyJlMmJmYjczMC1lY2FhLTExZTYtOGY4OC0zNDM2M2JjN2M0YzAiOnsiY3JlYXRlIjo2MDAwMDAwMDAwMDAsImRlbGV0ZSI6MTIwMDAwMDAwMDAwMH0sInNjaGVtYV92ZXJzaW9uIjoiMSJ9",
          "dependencies": [
            "aws_vpc.main"
          ]
        },
        {
          "index_key": 1,
          "schema_version": 1,
          "attributes": {
            "arn": "arn:aws:ec2:eu-central-1:556789602792:subnet/subnet-0dc83a613cf2d59bc",
            "assign_ipv6_address_on_creation": false,
            "availability_zone": "eu-central-1b",
            "availability_zone_id": "euc1-az3",
            "cidr_block": "172.16.10.0/24",
            "id": "subnet-0dc83a613cf2d59bc",
            "ipv6_cidr_block": "",
            "ipv6_cidr_block_association_id": "",
            "map_public_ip_on_launch": false,
            "outpost_arn": "",
            "owner_id": "556789602792",
            "tags": {
              "Env": "testing",
              "Name": "Main"
            },
            "timeouts": null,
            "vpc_id": "vpc-0c05409dee3ede86e"
          },
          "private": "eyJlMmJmYjczMC1lY2FhLTExZTYtOGY4OC0zNDM2M2JjN2M0YzAiOnsiY3JlYXRlIjo2MDAwMDAwMDAwMDAsImRlbGV0ZSI6MTIwMDAwMDAwMDAwMH0sInNjaGVtYV92ZXJzaW9uIjoiMSJ9",
          "dependencies": [
            "aws_vpc.main"
          ]
        },
        {
          "index_key": 2,
          "schema_version": 1,
          "attributes": {
            "arn": "arn:aws:ec2:eu-central-1:556789602792:subnet/subnet-0780874ce4601248d",
            "assign_ipv6_address_on_creation": false,
            "availability_zone": "eu-central-1c",
            "availability_zone_id": "euc1-az1",
            "cidr_block": "172.16.20.0/24",
            "id": "subnet-0780874ce4601248d",
            "ipv6_cidr_block": "",
            "ipv6_cidr_block_association_id": "",
            "map_public_ip_on_launch": false,
            "outpost_arn": "",
            "owner_id": "556789602792",
            "tags": {
              "Env": "testing",
              "Name": "Main"
            },
            "timeouts": null,
            "vpc_id": "vpc-0c05409dee3ede86e"
          },
          "private": "eyJlMmJmYjczMC1lY2FhLTExZTYtOGY4OC0zNDM2M2JjN2M0YzAiOnsiY3JlYXRlIjo2MDAwMDAwMDAwMDAsImRlbGV0ZSI6MTIwMDAwMDAwMDAwMH0sInNjaGVtYV92ZXJzaW9uIjoiMSJ9",
          "dependencies": [
            "aws_vpc.main"
          ]
        }
      ]
    },
    {
      "mode": "managed",
      "type": "aws_subnet",
      "name": "routed",
      "each": "list",
      "provider": "provider.aws",
      "instances": [
        {
          "index_key": 0,
          "schema_version": 1,
          "attributes": {
            "arn": "arn:aws:ec2:eu-central-1:556789602792:subnet/subnet-0f736fc3d6a7814ca",
            "assign_ipv6_address_on_creation": false,
            "availability_zone": "eu-central-1a",
            "availability_zone_id": "euc1-az2",
            "cidr_block": "172.16.1.0/24",
            "id": "subnet-0f736fc3d6a7814ca",
            "ipv6_cidr_block": "",
            "ipv6_cidr_block_association_id": "",
            "map_public_ip_on_launch": false,
            "outpost_arn": "",
            "owner_id": "556789602792",
            "tags": {
              "Env": "testing",
              "Name": "Main"
            },
            "timeouts": null,
            "vpc_id": "vpc-0c05409dee3ede86e"
          },
          "private": "eyJlMmJmYjczMC1lY2FhLTExZTYtOGY4OC0zNDM2M2JjN2M0YzAiOnsiY3JlYXRlIjo2MDAwMDAwMDAwMDAsImRlbGV0ZSI6MTIwMDAwMDAwMDAwMH0sInNjaGVtYV92ZXJzaW9uIjoiMSJ9",
          "dependencies": [
            "aws_vpc.main"
          ]
        },
        {
          "index_key": 1,
          "schema_version": 1,
          "attributes": {
            "arn": "arn:aws:ec2:eu-central-1:556789602792:subnet/subnet-0b3083d5728e5404e",
            "assign_ipv6_address_on_creation": false,
            "availability_zone": "eu-central-1b",
            "availability_zone_id": "euc1-az3",
            "cidr_block": "172.16.11.0/24",
            "id": "subnet-0b3083d5728e5404e",
            "ipv6_cidr_block": "",
            "ipv6_cidr_block_association_id": "",
            "map_public_ip_on_launch": false,
            "outpost_arn": "",
            "owner_id": "556789602792",
            "tags": {
              "Env": "testing",
              "Name": "Main"
            },
            "timeouts": null,
            "vpc_id": "vpc-0c05409dee3ede86e"
          },
          "private": "eyJlMmJmYjczMC1lY2FhLTExZTYtOGY4OC0zNDM2M2JjN2M0YzAiOnsiY3JlYXRlIjo2MDAwMDAwMDAwMDAsImRlbGV0ZSI6MTIwMDAwMDAwMDAwMH0sInNjaGVtYV92ZXJzaW9uIjoiMSJ9",
          "dependencies": [
            "aws_vpc.main"
          ]
        },
        {
          "index_key": 2,
          "schema_version": 1,
          "attributes": {
            "arn": "arn:aws:ec2:eu-central-1:556789602792:subnet/subnet-0f430621bc61e93c3",
            "assign_ipv6_address_on_creation": false,
            "availability_zone": "eu-central-1c",
            "availability_zone_id": "euc1-az1",
            "cidr_block": "172.16.21.0/24",
            "id": "subnet-0f430621bc61e93c3",
            "ipv6_cidr_block": "",
            "ipv6_cidr_block_association_id": "",
            "map_public_ip_on_launch": false,
            "outpost_arn": "",
            "owner_id": "556789602792",
            "tags": {
              "Env": "testing",
              "Name": "Main"
            },
            "timeouts": null,
            "vpc_id": "vpc-0c05409dee3ede86e"
          },
          "private": "eyJlMmJmYjczMC1lY2FhLTExZTYtOGY4OC0zNDM2M2JjN2M0YzAiOnsiY3JlYXRlIjo2MDAwMDAwMDAwMDAsImRlbGV0ZSI6MTIwMDAwMDAwMDAwMH0sInNjaGVtYV92ZXJzaW9uIjoiMSJ9",
          "dependencies": [
            "aws_vpc.main"
          ]
        }
      ]
    },
    {
      "mode": "managed",
      "type": "aws_subnet",
      "name": "stuff",
      "each": "list",
      "provider": "provider.aws",
      "instances": [
        {
          "index_key": 0,
          "schema_version": 1,
          "attributes": {
            "arn": "arn:aws:ec2:eu-central-1:556789602792:subnet/subnet-076536899b6213f7c",
            "assign_ipv6_address_on_creation": false,
            "availability_zone": "eu-central-1a",
            "availability_zone_id": "euc1-az2",
            "cidr_block": "172.16.3.0/24",
            "id": "subnet-076536899b6213f7c",
            "ipv6_cidr_block": "",
            "ipv6_cidr_block_association_id": "",
            "map_public_ip_on_launch": false,
            "outpost_arn": "",
            "owner_id": "556789602792",
            "tags": {
              "Env": "testing",
              "Name": "subnet rt_stuff"
            },
            "timeouts": null,
            "vpc_id": "vpc-0c05409dee3ede86e"
          },
          "private": "eyJlMmJmYjczMC1lY2FhLTExZTYtOGY4OC0zNDM2M2JjN2M0YzAiOnsiY3JlYXRlIjo2MDAwMDAwMDAwMDAsImRlbGV0ZSI6MTIwMDAwMDAwMDAwMH0sInNjaGVtYV92ZXJzaW9uIjoiMSJ9",
          "dependencies": [
            "aws_vpc.main"
          ]
        },
        {
          "index_key": 1,
          "schema_version": 1,
          "attributes": {
            "arn": "arn:aws:ec2:eu-central-1:556789602792:subnet/subnet-006850208dc2cfea2",
            "assign_ipv6_address_on_creation": false,
            "availability_zone": "eu-central-1b",
            "availability_zone_id": "euc1-az3",
            "cidr_block": "172.16.13.0/24",
            "id": "subnet-006850208dc2cfea2",
            "ipv6_cidr_block": "",
            "ipv6_cidr_block_association_id": "",
            "map_public_ip_on_launch": false,
            "outpost_arn": "",
            "owner_id": "556789602792",
            "tags": {
              "Env": "testing",
              "Name": "subnet rt_stuff"
            },
            "timeouts": null,
            "vpc_id": "vpc-0c05409dee3ede86e"
          },
          "private": "eyJlMmJmYjczMC1lY2FhLTExZTYtOGY4OC0zNDM2M2JjN2M0YzAiOnsiY3JlYXRlIjo2MDAwMDAwMDAwMDAsImRlbGV0ZSI6MTIwMDAwMDAwMDAwMH0sInNjaGVtYV92ZXJzaW9uIjoiMSJ9",
          "dependencies": [
            "aws_vpc.main"
          ]
        },
        {
          "index_key": 2,
          "schema_version": 1,
          "attributes": {
            "arn": "arn:aws:ec2:eu-central-1:556789602792:subnet/subnet-09fd422e9803566c6",
            "assign_ipv6_address_on_creation": false,
            "availability_zone": "eu-central-1c",
            "availability_zone_id": "euc1-az1",
            "cidr_block": "172.16.23.0/24",
            "id": "subnet-09fd422e9803566c6",
            "ipv6_cidr_block": "",
            "ipv6_cidr_block_association_id": "",
            "map_public_ip_on_launch": false,
            "outpost_arn": "",
            "owner_id": "556789602792",
            "tags": {
              "Env": "testing",
              "Name": "subnet rt_stuff"
            },
            "timeouts": null,
            "vpc_id": "vpc-0c05409dee3ede86e"
          },
          "private": "eyJlMmJmYjczMC1lY2FhLTExZTYtOGY4OC0zNDM2M2JjN2M0YzAiOnsiY3JlYXRlIjo2MDAwMDAwMDAwMDAsImRlbGV0ZSI6MTIwMDAwMDAwMDAwMH0sInNjaGVtYV92ZXJzaW9uIjoiMSJ9",
          "dependencies": [
            "aws_vpc.main"
          ]
        }
      ]
    },
    {
      "mode": "managed",
      "type": "aws_subnet",
      "name": "stuff-routed",
      "each": "list",
      "provider": "provider.aws",
      "instances": [
        {
          "index_key": 0,
          "schema_version": 1,
          "attributes": {
            "arn": "arn:aws:ec2:eu-central-1:556789602792:subnet/subnet-03ebbade6e9cc9932",
            "assign_ipv6_address_on_creation": false,
            "availability_zone": "eu-central-1a",
            "availability_zone_id": "euc1-az2",
            "cidr_block": "172.16.2.0/24",
            "id": "subnet-03ebbade6e9cc9932",
            "ipv6_cidr_block": "",
            "ipv6_cidr_block_association_id": "",
            "map_public_ip_on_launch": false,
            "outpost_arn": "",
            "owner_id": "556789602792",
            "tags": {
              "Name": "Main"
            },
            "timeouts": null,
            "vpc_id": "vpc-0c05409dee3ede86e"
          },
          "private": "eyJlMmJmYjczMC1lY2FhLTExZTYtOGY4OC0zNDM2M2JjN2M0YzAiOnsiY3JlYXRlIjo2MDAwMDAwMDAwMDAsImRlbGV0ZSI6MTIwMDAwMDAwMDAwMH0sInNjaGVtYV92ZXJzaW9uIjoiMSJ9",
          "dependencies": [
            "aws_vpc.main"
          ]
        },
        {
          "index_key": 1,
          "schema_version": 1,
          "attributes": {
            "arn": "arn:aws:ec2:eu-central-1:556789602792:subnet/subnet-0ff387db3e9f22316",
            "assign_ipv6_address_on_creation": false,
            "availability_zone": "eu-central-1b",
            "availability_zone_id": "euc1-az3",
            "cidr_block": "172.16.12.0/24",
            "id": "subnet-0ff387db3e9f22316",
            "ipv6_cidr_block": "",
            "ipv6_cidr_block_association_id": "",
            "map_public_ip_on_launch": false,
            "outpost_arn": "",
            "owner_id": "556789602792",
            "tags": {
              "Name": "Main"
            },
            "timeouts": null,
            "vpc_id": "vpc-0c05409dee3ede86e"
          },
          "private": "eyJlMmJmYjczMC1lY2FhLTExZTYtOGY4OC0zNDM2M2JjN2M0YzAiOnsiY3JlYXRlIjo2MDAwMDAwMDAwMDAsImRlbGV0ZSI6MTIwMDAwMDAwMDAwMH0sInNjaGVtYV92ZXJzaW9uIjoiMSJ9",
          "dependencies": [
            "aws_vpc.main"
          ]
        },
        {
          "index_key": 2,
          "schema_version": 1,
          "attributes": {
            "arn": "arn:aws:ec2:eu-central-1:556789602792:subnet/subnet-05886c3cdab416f7b",
            "assign_ipv6_address_on_creation": false,
            "availability_zone": "eu-central-1c",
            "availability_zone_id": "euc1-az1",
            "cidr_block": "172.16.22.0/24",
            "id": "subnet-05886c3cdab416f7b",
            "ipv6_cidr_block": "",
            "ipv6_cidr_block_association_id": "",
            "map_public_ip_on_launch": false,
            "outpost_arn": "",
            "owner_id": "556789602792",
            "tags": {
              "Name": "Main"
            },
            "timeouts": null,
            "vpc_id": "vpc-0c05409dee3ede86e"
          },
          "private": "eyJlMmJmYjczMC1lY2FhLTExZTYtOGY4OC0zNDM2M2JjN2M0YzAiOnsiY3JlYXRlIjo2MDAwMDAwMDAwMDAsImRlbGV0ZSI6MTIwMDAwMDAwMDAwMH0sInNjaGVtYV92ZXJzaW9uIjoiMSJ9",
          "dependencies": [
            "aws_vpc.main"
          ]
        }
      ]
    },
    {
      "mode": "managed",
      "type": "aws_vpc",
      "name": "main",
      "provider": "provider.aws",
      "instances": [
        {
          "schema_version": 1,
          "attributes": {
            "arn": "arn:aws:ec2:eu-central-1:556789602792:vpc/vpc-0c05409dee3ede86e",
            "assign_generated_ipv6_cidr_block": false,
            "cidr_block": "172.16.0.0/16",
            "default_network_acl_id": "acl-0a3b8678d80adf095",
            "default_route_table_id": "rtb-067c5b69eded4ca6a",
            "default_security_group_id": "sg-0b7141f53d1bdf0c1",
            "dhcp_options_id": "dopt-118f337b",
            "enable_classiclink": null,
            "enable_classiclink_dns_support": null,
            "enable_dns_hostnames": false,
            "enable_dns_support": true,
            "id": "vpc-0c05409dee3ede86e",
            "instance_tenancy": "default",
            "ipv6_association_id": "",
            "ipv6_cidr_block": "",
            "main_route_table_id": "rtb-067c5b69eded4ca6a",
            "owner_id": "556789602792",
            "tags": {
              "Env": "testing",
              "Name": "Main"
            }
          },
          "private": "eyJzY2hlbWFfdmVyc2lvbiI6IjEifQ=="
        }
      ]
    }
  ]
}
